// !$*UTF8*$!
{
	archiveVersion = 1;
	classes = {
	};
	objectVersion = 46;
	objects = {

/* Begin PBXBuildFile section */
		2C4C74EF18CE1A1600B67543 /* OpenAL.framework in Frameworks */ = {isa = PBXBuildFile; fileRef = 2C6412AB18C9261B00E4F7A2 /* OpenAL.framework */; };
		2C4C74F018CE1A2100B67543 /* OpenAL.framework in Frameworks */ = {isa = PBXBuildFile; fileRef = 2C6412AB18C9261B00E4F7A2 /* OpenAL.framework */; };
		2C4C74F718CE1ABC00B67543 /* Foundation.framework in Frameworks */ = {isa = PBXBuildFile; fileRef = 2C4C74F618CE1ABC00B67543 /* Foundation.framework */; };
		2C4C74F918CE1ABC00B67543 /* CoreGraphics.framework in Frameworks */ = {isa = PBXBuildFile; fileRef = 2C4C74F818CE1ABC00B67543 /* CoreGraphics.framework */; };
		2C4C74FB18CE1ABC00B67543 /* UIKit.framework in Frameworks */ = {isa = PBXBuildFile; fileRef = 2C4C74FA18CE1ABC00B67543 /* UIKit.framework */; };
		2C4C750118CE1ABD00B67543 /* InfoPlist.strings in Resources */ = {isa = PBXBuildFile; fileRef = 2C4C74FF18CE1ABD00B67543 /* InfoPlist.strings */; };
		2C4C750318CE1ABD00B67543 /* main.m in Sources */ = {isa = PBXBuildFile; fileRef = 2C4C750218CE1ABD00B67543 /* main.m */; };
		2C4C750718CE1ABD00B67543 /* NIXAppDelegate.m in Sources */ = {isa = PBXBuildFile; fileRef = 2C4C750618CE1ABD00B67543 /* NIXAppDelegate.m */; };
		2C4C751018CE1ABD00B67543 /* NIXViewController.m in Sources */ = {isa = PBXBuildFile; fileRef = 2C4C750F18CE1ABD00B67543 /* NIXViewController.m */; };
		2C4C751218CE1ABD00B67543 /* Images.xcassets in Resources */ = {isa = PBXBuildFile; fileRef = 2C4C751118CE1ABD00B67543 /* Images.xcassets */; };
		2C4C753118CE1AE900B67543 /* Foundation.framework in Frameworks */ = {isa = PBXBuildFile; fileRef = 2C4C74F618CE1ABC00B67543 /* Foundation.framework */; };
		2C4C753218CE1AE900B67543 /* CoreGraphics.framework in Frameworks */ = {isa = PBXBuildFile; fileRef = 2C4C74F818CE1ABC00B67543 /* CoreGraphics.framework */; };
		2C4C753318CE1AE900B67543 /* UIKit.framework in Frameworks */ = {isa = PBXBuildFile; fileRef = 2C4C74FA18CE1ABC00B67543 /* UIKit.framework */; };
		2C4C753918CE1AE900B67543 /* InfoPlist.strings in Resources */ = {isa = PBXBuildFile; fileRef = 2C4C753718CE1AE900B67543 /* InfoPlist.strings */; };
		2C4C753B18CE1AE900B67543 /* main.m in Sources */ = {isa = PBXBuildFile; fileRef = 2C4C753A18CE1AE900B67543 /* main.m */; };
		2C4C753F18CE1AE900B67543 /* NIXAppDelegate.m in Sources */ = {isa = PBXBuildFile; fileRef = 2C4C753E18CE1AE900B67543 /* NIXAppDelegate.m */; };
		2C4C754218CE1AE900B67543 /* Main_iPhone.storyboard in Resources */ = {isa = PBXBuildFile; fileRef = 2C4C754018CE1AE900B67543 /* Main_iPhone.storyboard */; };
		2C4C754518CE1AE900B67543 /* Main_iPad.storyboard in Resources */ = {isa = PBXBuildFile; fileRef = 2C4C754318CE1AE900B67543 /* Main_iPad.storyboard */; };
		2C4C754818CE1AE900B67543 /* NIXViewController.m in Sources */ = {isa = PBXBuildFile; fileRef = 2C4C754718CE1AE900B67543 /* NIXViewController.m */; };
		2C4C754A18CE1AE900B67543 /* Images.xcassets in Resources */ = {isa = PBXBuildFile; fileRef = 2C4C754918CE1AE900B67543 /* Images.xcassets */; };
		2C606BEA2E1FC0F600FB8AB8 /* AVFAudio.framework in Frameworks */ = {isa = PBXBuildFile; fileRef = 2C606BE92E1FC0F600FB8AB8 /* AVFAudio.framework */; };
		2C606BEB2E1FC10400FB8AB8 /* AVFAudio.framework in Frameworks */ = {isa = PBXBuildFile; fileRef = 2C606BE92E1FC0F600FB8AB8 /* AVFAudio.framework */; };
		2C606BEC2E1FC11000FB8AB8 /* AVFAudio.framework in Frameworks */ = {isa = PBXBuildFile; fileRef = 2C606BE92E1FC0F600FB8AB8 /* AVFAudio.framework */; };
		2C606BEE2E1FC12300FB8AB8 /* AVFAudio.framework in Frameworks */ = {isa = PBXBuildFile; fileRef = 2C606BED2E1FC12300FB8AB8 /* AVFAudio.framework */; };
		2C606BEF2E1FC13000FB8AB8 /* AVFAudio.framework in Frameworks */ = {isa = PBXBuildFile; fileRef = 2C606BED2E1FC12300FB8AB8 /* AVFAudio.framework */; };
		2C606BF12E1FC16F00FB8AB8 /* CoreFoundation.framework in Frameworks */ = {isa = PBXBuildFile; fileRef = 2C606BF02E1FC16F00FB8AB8 /* CoreFoundation.framework */; };
		2C606BF22E1FC17D00FB8AB8 /* CoreFoundation.framework in Frameworks */ = {isa = PBXBuildFile; fileRef = 2C606BF02E1FC16F00FB8AB8 /* CoreFoundation.framework */; };
		2C606BF32E1FC1C500FB8AB8 /* CoreFoundation.framework in Frameworks */ = {isa = PBXBuildFile; fileRef = 2C606BF02E1FC16F00FB8AB8 /* CoreFoundation.framework */; };
		2C606C0A2E20254B00FB8AB8 /* libnixtla-audio-osx.a in Frameworks */ = {isa = PBXBuildFile; fileRef = 2C606C092E20254B00FB8AB8 /* libnixtla-audio-osx.a */; };
		2C606C0B2E20255900FB8AB8 /* CoreFoundation.framework in Frameworks */ = {isa = PBXBuildFile; fileRef = 2C606BF02E1FC16F00FB8AB8 /* CoreFoundation.framework */; };
		2C606C0D2E20257400FB8AB8 /* OpenAL.framework in Frameworks */ = {isa = PBXBuildFile; fileRef = 2C6412AB18C9261B00E4F7A2 /* OpenAL.framework */; };
		2C606C0E2E20257C00FB8AB8 /* AVFAudio.framework in Frameworks */ = {isa = PBXBuildFile; fileRef = 2C606BE92E1FC0F600FB8AB8 /* AVFAudio.framework */; };
		2C606C182E20264600FB8AB8 /* demoPlayWav.c in Sources */ = {isa = PBXBuildFile; fileRef = 2C606C172E20261700FB8AB8 /* demoPlayWav.c */; };
		2C606C192E20264C00FB8AB8 /* demoCaptureEco.c in Sources */ = {isa = PBXBuildFile; fileRef = 2C606C162E20261700FB8AB8 /* demoCaptureEco.c */; };
		2C606C1A2E20265400FB8AB8 /* testMemLeakMain.c in Sources */ = {isa = PBXBuildFile; fileRef = 2C606C112E20260800FB8AB8 /* testMemLeakMain.c */; };
		2C606C1B2E20266B00FB8AB8 /* testSamplesConversion.c in Sources */ = {isa = PBXBuildFile; fileRef = 2C606C142E20260800FB8AB8 /* testSamplesConversion.c */; };
		2C83375618D162C6007CE46D /* Main_iPhone.storyboard in Resources */ = {isa = PBXBuildFile; fileRef = 2C4C750818CE1ABD00B67543 /* Main_iPhone.storyboard */; };
		2C83375718D162C6007CE46D /* Main_iPad.storyboard in Resources */ = {isa = PBXBuildFile; fileRef = 2C4C750B18CE1ABD00B67543 /* Main_iPad.storyboard */; };
		2CB6A23C18CFF039006A1ACC /* OpenAL.framework in Frameworks */ = {isa = PBXBuildFile; fileRef = 2C6412AB18C9261B00E4F7A2 /* OpenAL.framework */; };
		2CB6A26218D10A05006A1ACC /* beat_mono_08_08000.wav in Resources */ = {isa = PBXBuildFile; fileRef = 2CB6A24218D10A04006A1ACC /* beat_mono_08_08000.wav */; };
		2CB6A26318D10A05006A1ACC /* beat_mono_08_11025.wav in Resources */ = {isa = PBXBuildFile; fileRef = 2CB6A24318D10A04006A1ACC /* beat_mono_08_11025.wav */; };
		2CB6A26418D10A05006A1ACC /* beat_mono_08_22050.wav in Resources */ = {isa = PBXBuildFile; fileRef = 2CB6A24418D10A04006A1ACC /* beat_mono_08_22050.wav */; };
		2CB6A26518D10A05006A1ACC /* beat_mono_08_44100.wav in Resources */ = {isa = PBXBuildFile; fileRef = 2CB6A24518D10A04006A1ACC /* beat_mono_08_44100.wav */; };
		2CB6A26618D10A05006A1ACC /* beat_mono_16_08000.wav in Resources */ = {isa = PBXBuildFile; fileRef = 2CB6A24618D10A04006A1ACC /* beat_mono_16_08000.wav */; };
		2CB6A26718D10A05006A1ACC /* beat_mono_16_11025.wav in Resources */ = {isa = PBXBuildFile; fileRef = 2CB6A24718D10A05006A1ACC /* beat_mono_16_11025.wav */; };
		2CB6A26818D10A05006A1ACC /* beat_mono_16_22050.wav in Resources */ = {isa = PBXBuildFile; fileRef = 2CB6A24818D10A05006A1ACC /* beat_mono_16_22050.wav */; };
		2CB6A26918D10A05006A1ACC /* beat_mono_16_44100.wav in Resources */ = {isa = PBXBuildFile; fileRef = 2CB6A24918D10A05006A1ACC /* beat_mono_16_44100.wav */; };
		2CB6A26A18D10A05006A1ACC /* beat_mono_24_08000.wav in Resources */ = {isa = PBXBuildFile; fileRef = 2CB6A24A18D10A05006A1ACC /* beat_mono_24_08000.wav */; };
		2CB6A26B18D10A05006A1ACC /* beat_mono_24_11025.wav in Resources */ = {isa = PBXBuildFile; fileRef = 2CB6A24B18D10A05006A1ACC /* beat_mono_24_11025.wav */; };
		2CB6A26C18D10A05006A1ACC /* beat_mono_24_22050.wav in Resources */ = {isa = PBXBuildFile; fileRef = 2CB6A24C18D10A05006A1ACC /* beat_mono_24_22050.wav */; };
		2CB6A26D18D10A05006A1ACC /* beat_mono_24_44100.wav in Resources */ = {isa = PBXBuildFile; fileRef = 2CB6A24D18D10A05006A1ACC /* beat_mono_24_44100.wav */; };
		2CB6A26E18D10A05006A1ACC /* beat_mono_32_08000.wav in Resources */ = {isa = PBXBuildFile; fileRef = 2CB6A24E18D10A05006A1ACC /* beat_mono_32_08000.wav */; };
		2CB6A26F18D10A05006A1ACC /* beat_mono_32_11025.wav in Resources */ = {isa = PBXBuildFile; fileRef = 2CB6A24F18D10A05006A1ACC /* beat_mono_32_11025.wav */; };
		2CB6A27018D10A05006A1ACC /* beat_mono_32_22050.wav in Resources */ = {isa = PBXBuildFile; fileRef = 2CB6A25018D10A05006A1ACC /* beat_mono_32_22050.wav */; };
		2CB6A27118D10A05006A1ACC /* beat_mono_32_44100.wav in Resources */ = {isa = PBXBuildFile; fileRef = 2CB6A25118D10A05006A1ACC /* beat_mono_32_44100.wav */; };
		2CB6A27218D10A05006A1ACC /* beat_stereo_24_08000.wav in Resources */ = {isa = PBXBuildFile; fileRef = 2CB6A25218D10A05006A1ACC /* beat_stereo_24_08000.wav */; };
		2CB6A27318D10A05006A1ACC /* beat_stereo_24_11025.wav in Resources */ = {isa = PBXBuildFile; fileRef = 2CB6A25318D10A05006A1ACC /* beat_stereo_24_11025.wav */; };
		2CB6A27418D10A05006A1ACC /* beat_stereo_24_22050.wav in Resources */ = {isa = PBXBuildFile; fileRef = 2CB6A25418D10A05006A1ACC /* beat_stereo_24_22050.wav */; };
		2CB6A27518D10A05006A1ACC /* beat_stereo_24_44100.wav in Resources */ = {isa = PBXBuildFile; fileRef = 2CB6A25518D10A05006A1ACC /* beat_stereo_24_44100.wav */; };
		2CB6A27618D10A05006A1ACC /* beat_stereo_08_08000.wav in Resources */ = {isa = PBXBuildFile; fileRef = 2CB6A25618D10A05006A1ACC /* beat_stereo_08_08000.wav */; };
		2CB6A27718D10A05006A1ACC /* beat_stereo_08_11025.wav in Resources */ = {isa = PBXBuildFile; fileRef = 2CB6A25718D10A05006A1ACC /* beat_stereo_08_11025.wav */; };
		2CB6A27818D10A05006A1ACC /* beat_stereo_08_22050.wav in Resources */ = {isa = PBXBuildFile; fileRef = 2CB6A25818D10A05006A1ACC /* beat_stereo_08_22050.wav */; };
		2CB6A27918D10A05006A1ACC /* beat_stereo_08_44100.wav in Resources */ = {isa = PBXBuildFile; fileRef = 2CB6A25918D10A05006A1ACC /* beat_stereo_08_44100.wav */; };
		2CB6A27A18D10A05006A1ACC /* beat_stereo_16_08000.wav in Resources */ = {isa = PBXBuildFile; fileRef = 2CB6A25A18D10A05006A1ACC /* beat_stereo_16_08000.wav */; };
		2CB6A27B18D10A05006A1ACC /* beat_stereo_32_08000.wav in Resources */ = {isa = PBXBuildFile; fileRef = 2CB6A25B18D10A05006A1ACC /* beat_stereo_32_08000.wav */; };
		2CB6A27C18D10A05006A1ACC /* beat_stereo_32_11025.wav in Resources */ = {isa = PBXBuildFile; fileRef = 2CB6A25C18D10A05006A1ACC /* beat_stereo_32_11025.wav */; };
		2CB6A27D18D10A05006A1ACC /* beat_stereo_32_22050.wav in Resources */ = {isa = PBXBuildFile; fileRef = 2CB6A25D18D10A05006A1ACC /* beat_stereo_32_22050.wav */; };
		2CB6A27E18D10A05006A1ACC /* beat_stereo_32_44100.wav in Resources */ = {isa = PBXBuildFile; fileRef = 2CB6A25E18D10A05006A1ACC /* beat_stereo_32_44100.wav */; };
		2CB6A27F18D10A05006A1ACC /* beat_stereo_16_11025.wav in Resources */ = {isa = PBXBuildFile; fileRef = 2CB6A25F18D10A05006A1ACC /* beat_stereo_16_11025.wav */; };
		2CB6A28018D10A05006A1ACC /* beat_stereo_16_22050.wav in Resources */ = {isa = PBXBuildFile; fileRef = 2CB6A26018D10A05006A1ACC /* beat_stereo_16_22050.wav */; };
		2CB6A28118D10A05006A1ACC /* beat_stereo_16_44100.wav in Resources */ = {isa = PBXBuildFile; fileRef = 2CB6A26118D10A05006A1ACC /* beat_stereo_16_44100.wav */; };
		2CB909EF2E268DCB009E9850 /* utilLoadWav.c in Sources */ = {isa = PBXBuildFile; fileRef = 2C606BF92E2020FC00FB8AB8 /* utilLoadWav.c */; };
		2CB909F02E268DCB009E9850 /* utilLoadWav.c in Sources */ = {isa = PBXBuildFile; fileRef = 2C606BF92E2020FC00FB8AB8 /* utilLoadWav.c */; };
		2CB909F12E268DCB009E9850 /* utilLoadWav.c in Sources */ = {isa = PBXBuildFile; fileRef = 2C606BF92E2020FC00FB8AB8 /* utilLoadWav.c */; };
		2CB909F22E268DCB009E9850 /* utilLoadWav.c in Sources */ = {isa = PBXBuildFile; fileRef = 2C606BF92E2020FC00FB8AB8 /* utilLoadWav.c */; };
		2CB909F32E268F32009E9850 /* testMemMap.c in Sources */ = {isa = PBXBuildFile; fileRef = 2C606C132E20260800FB8AB8 /* testMemMap.c */; };
		2CB90A0F2E2819B3009E9850 /* demoPlayStream.c in Sources */ = {isa = PBXBuildFile; fileRef = 2CB90A032E281927009E9850 /* demoPlayStream.c */; };
		2CB90A102E28201C009E9850 /* utilLoadWav.c in Sources */ = {isa = PBXBuildFile; fileRef = 2C606BF92E2020FC00FB8AB8 /* utilLoadWav.c */; };
		2CB90A112E28205D009E9850 /* libnixtla-audio-osx.a in Frameworks */ = {isa = PBXBuildFile; fileRef = 2C606C092E20254B00FB8AB8 /* libnixtla-audio-osx.a */; };
		2CB90A122E282069009E9850 /* CoreFoundation.framework in Frameworks */ = {isa = PBXBuildFile; fileRef = 2C606BF02E1FC16F00FB8AB8 /* CoreFoundation.framework */; };
		2CB90A132E28206F009E9850 /* OpenAL.framework in Frameworks */ = {isa = PBXBuildFile; fileRef = 2C6412AB18C9261B00E4F7A2 /* OpenAL.framework */; };
		2CB90A142E282075009E9850 /* AVFAudio.framework in Frameworks */ = {isa = PBXBuildFile; fileRef = 2C606BE92E1FC0F600FB8AB8 /* AVFAudio.framework */; };
		2CB90A162E283AFF009E9850 /* libnixtla-audio-osx.a in Frameworks */ = {isa = PBXBuildFile; fileRef = 2C606C092E20254B00FB8AB8 /* libnixtla-audio-osx.a */; };
		2CC99A6118D3E2F6006F04B3 /* libnixtla-audio-osx.a in Frameworks */ = {isa = PBXBuildFile; fileRef = 2CC99A6018D3E2F6006F04B3 /* libnixtla-audio-osx.a */; };
		2CC99A6218D3E2F9006F04B3 /* libnixtla-audio-osx.a in Frameworks */ = {isa = PBXBuildFile; fileRef = 2CC99A6018D3E2F6006F04B3 /* libnixtla-audio-osx.a */; };
		2CC99A6518D3E329006F04B3 /* libnixtla-audio-ios.a in Frameworks */ = {isa = PBXBuildFile; fileRef = 2CC99A6418D3E329006F04B3 /* libnixtla-audio-ios.a */; };
		2CC99A6718D3E337006F04B3 /* OpenAL.framework in Frameworks */ = {isa = PBXBuildFile; fileRef = 2CC99A6618D3E337006F04B3 /* OpenAL.framework */; };
		2CC99A6918D3E343006F04B3 /* libnixtla-audio-ios.a in Frameworks */ = {isa = PBXBuildFile; fileRef = 2CC99A6818D3E343006F04B3 /* libnixtla-audio-ios.a */; };
		2CC99A6A18D3E34A006F04B3 /* OpenAL.framework in Frameworks */ = {isa = PBXBuildFile; fileRef = 2CC99A6618D3E337006F04B3 /* OpenAL.framework */; };
/* End PBXBuildFile section */

/* Begin PBXCopyFilesBuildPhase section */
		2C4C74D118CE15BA00B67543 /* CopyFiles */ = {
			isa = PBXCopyFilesBuildPhase;
			buildActionMask = 2147483647;
			dstPath = /usr/share/man/man1/;
			dstSubfolderSpec = 0;
			files = (
			);
			runOnlyForDeploymentPostprocessing = 1;
		};
		2C4C74E218CE199700B67543 /* CopyFiles */ = {
			isa = PBXCopyFilesBuildPhase;
			buildActionMask = 2147483647;
			dstPath = /usr/share/man/man1/;
			dstSubfolderSpec = 0;
			files = (
			);
			runOnlyForDeploymentPostprocessing = 1;
		};
		2C606BFF2E20217900FB8AB8 /* CopyFiles */ = {
			isa = PBXCopyFilesBuildPhase;
			buildActionMask = 2147483647;
			dstPath = /usr/share/man/man1/;
			dstSubfolderSpec = 0;
			files = (
			);
			runOnlyForDeploymentPostprocessing = 1;
		};
		2CB6A23118CFF01B006A1ACC /* CopyFiles */ = {
			isa = PBXCopyFilesBuildPhase;
			buildActionMask = 2147483647;
			dstPath = /usr/share/man/man1/;
			dstSubfolderSpec = 0;
			files = (
			);
			runOnlyForDeploymentPostprocessing = 1;
		};
		2CB90A062E28195F009E9850 /* CopyFiles */ = {
			isa = PBXCopyFilesBuildPhase;
			buildActionMask = 2147483647;
			dstPath = /usr/share/man/man1/;
			dstSubfolderSpec = 0;
			files = (
			);
			runOnlyForDeploymentPostprocessing = 1;
		};
/* End PBXCopyFilesBuildPhase section */

/* Begin PBXFileReference section */
		2C4C74D318CE15BA00B67543 /* demo-playwav-osx */ = {isa = PBXFileReference; explicitFileType = "compiled.mach-o.executable"; includeInIndex = 0; path = "demo-playwav-osx"; sourceTree = BUILT_PRODUCTS_DIR; };
		2C4C74E418CE199700B67543 /* demo-captureeco-osx */ = {isa = PBXFileReference; explicitFileType = "compiled.mach-o.executable"; includeInIndex = 0; path = "demo-captureeco-osx"; sourceTree = BUILT_PRODUCTS_DIR; };
		2C4C74F518CE1ABC00B67543 /* demo-playwav-ios.app */ = {isa = PBXFileReference; explicitFileType = wrapper.application; includeInIndex = 0; path = "demo-playwav-ios.app"; sourceTree = BUILT_PRODUCTS_DIR; };
		2C4C74F618CE1ABC00B67543 /* Foundation.framework */ = {isa = PBXFileReference; lastKnownFileType = wrapper.framework; name = Foundation.framework; path = System/Library/Frameworks/Foundation.framework; sourceTree = SDKROOT; };
		2C4C74F818CE1ABC00B67543 /* CoreGraphics.framework */ = {isa = PBXFileReference; lastKnownFileType = wrapper.framework; name = CoreGraphics.framework; path = System/Library/Frameworks/CoreGraphics.framework; sourceTree = SDKROOT; };
		2C4C74FA18CE1ABC00B67543 /* UIKit.framework */ = {isa = PBXFileReference; lastKnownFileType = wrapper.framework; name = UIKit.framework; path = Library/Frameworks/UIKit.framework; sourceTree = DEVELOPER_DIR; };
		2C4C74FE18CE1ABD00B67543 /* playwav-ios-Info.plist */ = {isa = PBXFileReference; lastKnownFileType = text.plist.xml; name = "playwav-ios-Info.plist"; path = "playwav-ios/playwav-ios-Info.plist"; sourceTree = SOURCE_ROOT; };
		2C4C750018CE1ABD00B67543 /* en */ = {isa = PBXFileReference; lastKnownFileType = text.plist.strings; name = en; path = en.lproj/InfoPlist.strings; sourceTree = "<group>"; };
		2C4C750218CE1ABD00B67543 /* main.m */ = {isa = PBXFileReference; lastKnownFileType = sourcecode.c.objc; name = main.m; path = "playwav-ios/main.m"; sourceTree = SOURCE_ROOT; };
		2C4C750418CE1ABD00B67543 /* playwav-ios-Prefix.pch */ = {isa = PBXFileReference; lastKnownFileType = sourcecode.c.h; name = "playwav-ios-Prefix.pch"; path = "playwav-ios/playwav-ios-Prefix.pch"; sourceTree = SOURCE_ROOT; };
		2C4C750518CE1ABD00B67543 /* NIXAppDelegate.h */ = {isa = PBXFileReference; lastKnownFileType = sourcecode.c.h; name = NIXAppDelegate.h; path = "playwav-ios/NIXAppDelegate.h"; sourceTree = SOURCE_ROOT; };
		2C4C750618CE1ABD00B67543 /* NIXAppDelegate.m */ = {isa = PBXFileReference; lastKnownFileType = sourcecode.c.objc; name = NIXAppDelegate.m; path = "playwav-ios/NIXAppDelegate.m"; sourceTree = SOURCE_ROOT; };
		2C4C750918CE1ABD00B67543 /* Base */ = {isa = PBXFileReference; lastKnownFileType = file.storyboard; name = Base; path = "playwav-ios/Base.lproj/Main_iPhone.storyboard"; sourceTree = SOURCE_ROOT; };
		2C4C750C18CE1ABD00B67543 /* Base */ = {isa = PBXFileReference; lastKnownFileType = file.storyboard; name = Base; path = "playwav-ios/Base.lproj/Main_iPad.storyboard"; sourceTree = SOURCE_ROOT; };
		2C4C750E18CE1ABD00B67543 /* NIXViewController.h */ = {isa = PBXFileReference; lastKnownFileType = sourcecode.c.h; name = NIXViewController.h; path = "playwav-ios/NIXViewController.h"; sourceTree = SOURCE_ROOT; };
		2C4C750F18CE1ABD00B67543 /* NIXViewController.m */ = {isa = PBXFileReference; lastKnownFileType = sourcecode.c.objc; name = NIXViewController.m; path = "playwav-ios/NIXViewController.m"; sourceTree = SOURCE_ROOT; };
		2C4C751118CE1ABD00B67543 /* Images.xcassets */ = {isa = PBXFileReference; lastKnownFileType = folder.assetcatalog; name = Images.xcassets; path = "playwav-ios/Images.xcassets"; sourceTree = SOURCE_ROOT; };
		2C4C751818CE1ABD00B67543 /* XCTest.framework */ = {isa = PBXFileReference; lastKnownFileType = wrapper.framework; name = XCTest.framework; path = Library/Frameworks/XCTest.framework; sourceTree = DEVELOPER_DIR; };
		2C4C753018CE1AE900B67543 /* demo-captureeco-ios.app */ = {isa = PBXFileReference; explicitFileType = wrapper.application; includeInIndex = 0; path = "demo-captureeco-ios.app"; sourceTree = BUILT_PRODUCTS_DIR; };
		2C4C753618CE1AE900B67543 /* captureeco-ios-Info.plist */ = {isa = PBXFileReference; lastKnownFileType = text.plist.xml; path = "captureeco-ios-Info.plist"; sourceTree = "<group>"; };
		2C4C753818CE1AE900B67543 /* en */ = {isa = PBXFileReference; lastKnownFileType = text.plist.strings; name = en; path = en.lproj/InfoPlist.strings; sourceTree = "<group>"; };
		2C4C753A18CE1AE900B67543 /* main.m */ = {isa = PBXFileReference; lastKnownFileType = sourcecode.c.objc; path = main.m; sourceTree = "<group>"; };
		2C4C753C18CE1AE900B67543 /* captureeco-ios-Prefix.pch */ = {isa = PBXFileReference; lastKnownFileType = sourcecode.c.h; path = "captureeco-ios-Prefix.pch"; sourceTree = "<group>"; };
		2C4C753D18CE1AE900B67543 /* NIXAppDelegate.h */ = {isa = PBXFileReference; lastKnownFileType = sourcecode.c.h; path = NIXAppDelegate.h; sourceTree = "<group>"; };
		2C4C753E18CE1AE900B67543 /* NIXAppDelegate.m */ = {isa = PBXFileReference; lastKnownFileType = sourcecode.c.objc; path = NIXAppDelegate.m; sourceTree = "<group>"; };
		2C4C754118CE1AE900B67543 /* Base */ = {isa = PBXFileReference; lastKnownFileType = file.storyboard; name = Base; path = "captureeco-ios/Base.lproj/Main_iPhone.storyboard"; sourceTree = SOURCE_ROOT; };
		2C4C754418CE1AE900B67543 /* Base */ = {isa = PBXFileReference; lastKnownFileType = file.storyboard; name = Base; path = "captureeco-ios/Base.lproj/Main_iPad.storyboard"; sourceTree = SOURCE_ROOT; };
		2C4C754618CE1AE900B67543 /* NIXViewController.h */ = {isa = PBXFileReference; lastKnownFileType = sourcecode.c.h; path = NIXViewController.h; sourceTree = "<group>"; };
		2C4C754718CE1AE900B67543 /* NIXViewController.m */ = {isa = PBXFileReference; lastKnownFileType = sourcecode.c.objc; path = NIXViewController.m; sourceTree = "<group>"; };
		2C4C754918CE1AE900B67543 /* Images.xcassets */ = {isa = PBXFileReference; lastKnownFileType = folder.assetcatalog; path = Images.xcassets; sourceTree = "<group>"; };
		2C606BE92E1FC0F600FB8AB8 /* AVFAudio.framework */ = {isa = PBXFileReference; lastKnownFileType = wrapper.framework; name = AVFAudio.framework; path = System/Library/Frameworks/AVFAudio.framework; sourceTree = SDKROOT; };
		2C606BED2E1FC12300FB8AB8 /* AVFAudio.framework */ = {isa = PBXFileReference; lastKnownFileType = wrapper.framework; name = AVFAudio.framework; path = Platforms/iPhoneOS.platform/Developer/SDKs/iPhoneOS18.5.sdk/System/Library/Frameworks/AVFAudio.framework; sourceTree = DEVELOPER_DIR; };
		2C606BF02E1FC16F00FB8AB8 /* CoreFoundation.framework */ = {isa = PBXFileReference; lastKnownFileType = wrapper.framework; name = CoreFoundation.framework; path = System/Library/Frameworks/CoreFoundation.framework; sourceTree = SDKROOT; };
		2C606BF92E2020FC00FB8AB8 /* utilLoadWav.c */ = {isa = PBXFileReference; lastKnownFileType = sourcecode.c.c; name = utilLoadWav.c; path = ../../../src/utils/utilLoadWav.c; sourceTree = SOURCE_ROOT; };
		2C606C012E20217900FB8AB8 /* test-samples-conversion-osx */ = {isa = PBXFileReference; explicitFileType = "compiled.mach-o.executable"; includeInIndex = 0; path = "test-samples-conversion-osx"; sourceTree = BUILT_PRODUCTS_DIR; };
		2C606C092E20254B00FB8AB8 /* libnixtla-audio-osx.a */ = {isa = PBXFileReference; explicitFileType = archive.ar; path = "libnixtla-audio-osx.a"; sourceTree = BUILT_PRODUCTS_DIR; };
		2C606C112E20260800FB8AB8 /* testMemLeakMain.c */ = {isa = PBXFileReference; lastKnownFileType = sourcecode.c.c; name = testMemLeakMain.c; path = ../../../src/tests/testMemLeakMain.c; sourceTree = SOURCE_ROOT; };
		2C606C122E20260800FB8AB8 /* testMemMap.h */ = {isa = PBXFileReference; lastKnownFileType = sourcecode.c.h; name = testMemMap.h; path = ../../../src/tests/testMemMap.h; sourceTree = SOURCE_ROOT; };
		2C606C132E20260800FB8AB8 /* testMemMap.c */ = {isa = PBXFileReference; lastKnownFileType = sourcecode.c.c; name = testMemMap.c; path = ../../../src/tests/testMemMap.c; sourceTree = SOURCE_ROOT; };
		2C606C142E20260800FB8AB8 /* testSamplesConversion.c */ = {isa = PBXFileReference; lastKnownFileType = sourcecode.c.c; name = testSamplesConversion.c; path = ../../../src/tests/testSamplesConversion.c; sourceTree = SOURCE_ROOT; };
		2C606C152E20260800FB8AB8 /* testStress.c */ = {isa = PBXFileReference; lastKnownFileType = sourcecode.c.c; name = testStress.c; path = ../../../src/tests/testStress.c; sourceTree = SOURCE_ROOT; };
		2C606C162E20261700FB8AB8 /* demoCaptureEco.c */ = {isa = PBXFileReference; lastKnownFileType = sourcecode.c.c; name = demoCaptureEco.c; path = ../../../src/demos/demoCaptureEco.c; sourceTree = SOURCE_ROOT; };
		2C606C172E20261700FB8AB8 /* demoPlayWav.c */ = {isa = PBXFileReference; lastKnownFileType = sourcecode.c.c; name = demoPlayWav.c; path = ../../../src/demos/demoPlayWav.c; sourceTree = SOURCE_ROOT; };
		2C6412AB18C9261B00E4F7A2 /* OpenAL.framework */ = {isa = PBXFileReference; lastKnownFileType = wrapper.framework; name = OpenAL.framework; path = System/Library/Frameworks/OpenAL.framework; sourceTree = SDKROOT; };
		2C83375918D26A0D007CE46D /* AudioToolbox.framework */ = {isa = PBXFileReference; lastKnownFileType = wrapper.framework; name = AudioToolbox.framework; path = Platforms/iPhoneOS.platform/Developer/SDKs/iPhoneOS7.0.sdk/System/Library/Frameworks/AudioToolbox.framework; sourceTree = DEVELOPER_DIR; };
		2CB6A23318CFF01B006A1ACC /* test-memleak-osx */ = {isa = PBXFileReference; explicitFileType = "compiled.mach-o.executable"; includeInIndex = 0; path = "test-memleak-osx"; sourceTree = BUILT_PRODUCTS_DIR; };
		2CB6A24218D10A04006A1ACC /* beat_mono_08_08000.wav */ = {isa = PBXFileReference; lastKnownFileType = audio.wav; name = beat_mono_08_08000.wav; path = ../../../res/beat_mono_08_08000.wav; sourceTree = SOURCE_ROOT; };
		2CB6A24318D10A04006A1ACC /* beat_mono_08_11025.wav */ = {isa = PBXFileReference; lastKnownFileType = audio.wav; name = beat_mono_08_11025.wav; path = ../../../res/beat_mono_08_11025.wav; sourceTree = SOURCE_ROOT; };
		2CB6A24418D10A04006A1ACC /* beat_mono_08_22050.wav */ = {isa = PBXFileReference; lastKnownFileType = audio.wav; name = beat_mono_08_22050.wav; path = ../../../res/beat_mono_08_22050.wav; sourceTree = SOURCE_ROOT; };
		2CB6A24518D10A04006A1ACC /* beat_mono_08_44100.wav */ = {isa = PBXFileReference; lastKnownFileType = audio.wav; name = beat_mono_08_44100.wav; path = ../../../res/beat_mono_08_44100.wav; sourceTree = SOURCE_ROOT; };
		2CB6A24618D10A04006A1ACC /* beat_mono_16_08000.wav */ = {isa = PBXFileReference; lastKnownFileType = audio.wav; name = beat_mono_16_08000.wav; path = ../../../res/beat_mono_16_08000.wav; sourceTree = SOURCE_ROOT; };
		2CB6A24718D10A05006A1ACC /* beat_mono_16_11025.wav */ = {isa = PBXFileReference; lastKnownFileType = audio.wav; name = beat_mono_16_11025.wav; path = ../../../res/beat_mono_16_11025.wav; sourceTree = SOURCE_ROOT; };
		2CB6A24818D10A05006A1ACC /* beat_mono_16_22050.wav */ = {isa = PBXFileReference; lastKnownFileType = audio.wav; name = beat_mono_16_22050.wav; path = ../../../res/beat_mono_16_22050.wav; sourceTree = SOURCE_ROOT; };
		2CB6A24918D10A05006A1ACC /* beat_mono_16_44100.wav */ = {isa = PBXFileReference; lastKnownFileType = audio.wav; name = beat_mono_16_44100.wav; path = ../../../res/beat_mono_16_44100.wav; sourceTree = SOURCE_ROOT; };
		2CB6A24A18D10A05006A1ACC /* beat_mono_24_08000.wav */ = {isa = PBXFileReference; lastKnownFileType = audio.wav; name = beat_mono_24_08000.wav; path = ../../../res/beat_mono_24_08000.wav; sourceTree = SOURCE_ROOT; };
		2CB6A24B18D10A05006A1ACC /* beat_mono_24_11025.wav */ = {isa = PBXFileReference; lastKnownFileType = audio.wav; name = beat_mono_24_11025.wav; path = ../../../res/beat_mono_24_11025.wav; sourceTree = SOURCE_ROOT; };
		2CB6A24C18D10A05006A1ACC /* beat_mono_24_22050.wav */ = {isa = PBXFileReference; lastKnownFileType = audio.wav; name = beat_mono_24_22050.wav; path = ../../../res/beat_mono_24_22050.wav; sourceTree = SOURCE_ROOT; };
		2CB6A24D18D10A05006A1ACC /* beat_mono_24_44100.wav */ = {isa = PBXFileReference; lastKnownFileType = audio.wav; name = beat_mono_24_44100.wav; path = ../../../res/beat_mono_24_44100.wav; sourceTree = SOURCE_ROOT; };
		2CB6A24E18D10A05006A1ACC /* beat_mono_32_08000.wav */ = {isa = PBXFileReference; lastKnownFileType = audio.wav; name = beat_mono_32_08000.wav; path = ../../../res/beat_mono_32_08000.wav; sourceTree = SOURCE_ROOT; };
		2CB6A24F18D10A05006A1ACC /* beat_mono_32_11025.wav */ = {isa = PBXFileReference; lastKnownFileType = audio.wav; name = beat_mono_32_11025.wav; path = ../../../res/beat_mono_32_11025.wav; sourceTree = SOURCE_ROOT; };
		2CB6A25018D10A05006A1ACC /* beat_mono_32_22050.wav */ = {isa = PBXFileReference; lastKnownFileType = audio.wav; name = beat_mono_32_22050.wav; path = ../../../res/beat_mono_32_22050.wav; sourceTree = SOURCE_ROOT; };
		2CB6A25118D10A05006A1ACC /* beat_mono_32_44100.wav */ = {isa = PBXFileReference; lastKnownFileType = audio.wav; name = beat_mono_32_44100.wav; path = ../../../res/beat_mono_32_44100.wav; sourceTree = SOURCE_ROOT; };
		2CB6A25218D10A05006A1ACC /* beat_stereo_24_08000.wav */ = {isa = PBXFileReference; lastKnownFileType = audio.wav; name = beat_stereo_24_08000.wav; path = ../../../res/beat_stereo_24_08000.wav; sourceTree = SOURCE_ROOT; };
		2CB6A25318D10A05006A1ACC /* beat_stereo_24_11025.wav */ = {isa = PBXFileReference; lastKnownFileType = audio.wav; name = beat_stereo_24_11025.wav; path = ../../../res/beat_stereo_24_11025.wav; sourceTree = SOURCE_ROOT; };
		2CB6A25418D10A05006A1ACC /* beat_stereo_24_22050.wav */ = {isa = PBXFileReference; lastKnownFileType = audio.wav; name = beat_stereo_24_22050.wav; path = ../../../res/beat_stereo_24_22050.wav; sourceTree = SOURCE_ROOT; };
		2CB6A25518D10A05006A1ACC /* beat_stereo_24_44100.wav */ = {isa = PBXFileReference; lastKnownFileType = audio.wav; name = beat_stereo_24_44100.wav; path = ../../../res/beat_stereo_24_44100.wav; sourceTree = SOURCE_ROOT; };
		2CB6A25618D10A05006A1ACC /* beat_stereo_08_08000.wav */ = {isa = PBXFileReference; lastKnownFileType = audio.wav; name = beat_stereo_08_08000.wav; path = ../../../res/beat_stereo_08_08000.wav; sourceTree = SOURCE_ROOT; };
		2CB6A25718D10A05006A1ACC /* beat_stereo_08_11025.wav */ = {isa = PBXFileReference; lastKnownFileType = audio.wav; name = beat_stereo_08_11025.wav; path = ../../../res/beat_stereo_08_11025.wav; sourceTree = SOURCE_ROOT; };
		2CB6A25818D10A05006A1ACC /* beat_stereo_08_22050.wav */ = {isa = PBXFileReference; lastKnownFileType = audio.wav; name = beat_stereo_08_22050.wav; path = ../../../res/beat_stereo_08_22050.wav; sourceTree = SOURCE_ROOT; };
		2CB6A25918D10A05006A1ACC /* beat_stereo_08_44100.wav */ = {isa = PBXFileReference; lastKnownFileType = audio.wav; name = beat_stereo_08_44100.wav; path = ../../../res/beat_stereo_08_44100.wav; sourceTree = SOURCE_ROOT; };
		2CB6A25A18D10A05006A1ACC /* beat_stereo_16_08000.wav */ = {isa = PBXFileReference; lastKnownFileType = audio.wav; name = beat_stereo_16_08000.wav; path = ../../../res/beat_stereo_16_08000.wav; sourceTree = SOURCE_ROOT; };
		2CB6A25B18D10A05006A1ACC /* beat_stereo_32_08000.wav */ = {isa = PBXFileReference; lastKnownFileType = audio.wav; name = beat_stereo_32_08000.wav; path = ../../../res/beat_stereo_32_08000.wav; sourceTree = SOURCE_ROOT; };
		2CB6A25C18D10A05006A1ACC /* beat_stereo_32_11025.wav */ = {isa = PBXFileReference; lastKnownFileType = audio.wav; name = beat_stereo_32_11025.wav; path = ../../../res/beat_stereo_32_11025.wav; sourceTree = SOURCE_ROOT; };
		2CB6A25D18D10A05006A1ACC /* beat_stereo_32_22050.wav */ = {isa = PBXFileReference; lastKnownFileType = audio.wav; name = beat_stereo_32_22050.wav; path = ../../../res/beat_stereo_32_22050.wav; sourceTree = SOURCE_ROOT; };
		2CB6A25E18D10A05006A1ACC /* beat_stereo_32_44100.wav */ = {isa = PBXFileReference; lastKnownFileType = audio.wav; name = beat_stereo_32_44100.wav; path = ../../../res/beat_stereo_32_44100.wav; sourceTree = SOURCE_ROOT; };
		2CB6A25F18D10A05006A1ACC /* beat_stereo_16_11025.wav */ = {isa = PBXFileReference; lastKnownFileType = audio.wav; name = beat_stereo_16_11025.wav; path = ../../../res/beat_stereo_16_11025.wav; sourceTree = SOURCE_ROOT; };
		2CB6A26018D10A05006A1ACC /* beat_stereo_16_22050.wav */ = {isa = PBXFileReference; lastKnownFileType = audio.wav; name = beat_stereo_16_22050.wav; path = ../../../res/beat_stereo_16_22050.wav; sourceTree = SOURCE_ROOT; };
		2CB6A26118D10A05006A1ACC /* beat_stereo_16_44100.wav */ = {isa = PBXFileReference; lastKnownFileType = audio.wav; name = beat_stereo_16_44100.wav; path = ../../../res/beat_stereo_16_44100.wav; sourceTree = SOURCE_ROOT; };
		2CB909EB2E254DFD009E9850 /* demoPlayWavAndroid.c */ = {isa = PBXFileReference; lastKnownFileType = sourcecode.c.c; name = demoPlayWavAndroid.c; path = ../../../src/demos/demoPlayWavAndroid.c; sourceTree = SOURCE_ROOT; };
		2CB909EC2E25A839009E9850 /* utilFilesList.h */ = {isa = PBXFileReference; lastKnownFileType = sourcecode.c.h; name = utilFilesList.h; path = ../../../src/utils/utilFilesList.h; sourceTree = SOURCE_ROOT; };
		2CB909ED2E267C1A009E9850 /* testSamplesConversionAndroid.c */ = {isa = PBXFileReference; lastKnownFileType = sourcecode.c.c; name = testSamplesConversionAndroid.c; path = "/Volumes/MacSSD_HFS/NIBSA_proyectos/CltMarcosOrtega/sys-auframework/lib-nixtla-audio-src/src/tests/testSamplesConversionAndroid.c"; sourceTree = "<absolute>"; };
		2CB909EE2E267E91009E9850 /* utilLoadWav.h */ = {isa = PBXFileReference; lastKnownFileType = sourcecode.c.h; name = utilLoadWav.h; path = "/Volumes/MacSSD_HFS/NIBSA_proyectos/CltMarcosOrtega/sys-auframework/lib-nixtla-audio-src/src/utils/utilLoadWav.h"; sourceTree = "<absolute>"; };
		2CB90A032E281927009E9850 /* demoPlayStream.c */ = {isa = PBXFileReference; lastKnownFileType = sourcecode.c.c; name = demoPlayStream.c; path = "/Volumes/MacSSD_HFS/NIBSA_proyectos/CltMarcosOrtega/sys-auframework/lib-nixtla-audio-src/src/demos/demoPlayStream.c"; sourceTree = "<absolute>"; };
		2CB90A082E28195F009E9850 /* demo-playstream-osx */ = {isa = PBXFileReference; explicitFileType = "compiled.mach-o.executable"; includeInIndex = 0; path = "demo-playstream-osx"; sourceTree = BUILT_PRODUCTS_DIR; };
		2CB90A152E2828D7009E9850 /* demoPlayStreamAndroid.c */ = {isa = PBXFileReference; lastKnownFileType = sourcecode.c.c; name = demoPlayStreamAndroid.c; path = "/Volumes/MacSSD_HFS/NIBSA_proyectos/CltMarcosOrtega/sys-auframework/lib-nixtla-audio-src/src/demos/demoPlayStreamAndroid.c"; sourceTree = "<absolute>"; };
		2CC99A6018D3E2F6006F04B3 /* libnixtla-audio-osx.a */ = {isa = PBXFileReference; lastKnownFileType = archive.ar; name = "libnixtla-audio-osx.a"; path = "../../../../../../../Library/Developer/Xcode/DerivedData/lib-nixtla-audio-gkdinsdugdtgbuduqhthvvfaspzu/Build/Products/Debug/libnixtla-audio-osx.a"; sourceTree = "<group>"; };
		2CC99A6418D3E329006F04B3 /* libnixtla-audio-ios.a */ = {isa = PBXFileReference; lastKnownFileType = archive.ar; name = "libnixtla-audio-ios.a"; path = "../lib-nixtla-audio/build/Debug-iphoneos/libnixtla-audio-ios.a"; sourceTree = "<group>"; };
		2CC99A6618D3E337006F04B3 /* OpenAL.framework */ = {isa = PBXFileReference; lastKnownFileType = wrapper.framework; name = OpenAL.framework; path = Platforms/iPhoneOS.platform/Developer/SDKs/iPhoneOS7.0.sdk/System/Library/Frameworks/OpenAL.framework; sourceTree = DEVELOPER_DIR; };
		2CC99A6818D3E343006F04B3 /* libnixtla-audio-ios.a */ = {isa = PBXFileReference; lastKnownFileType = archive.ar; name = "libnixtla-audio-ios.a"; path = "../lib-nixtla-audio/build/Debug-iphoneos/libnixtla-audio-ios.a"; sourceTree = "<group>"; };
/* End PBXFileReference section */

/* Begin PBXFrameworksBuildPhase section */
		2C4C74D018CE15BA00B67543 /* Frameworks */ = {
			isa = PBXFrameworksBuildPhase;
			buildActionMask = 2147483647;
			files = (
				2CC99A6118D3E2F6006F04B3 /* libnixtla-audio-osx.a in Frameworks */,
				2C606BF12E1FC16F00FB8AB8 /* CoreFoundation.framework in Frameworks */,
				2C606BEA2E1FC0F600FB8AB8 /* AVFAudio.framework in Frameworks */,
				2C4C74F018CE1A2100B67543 /* OpenAL.framework in Frameworks */,
			);
			runOnlyForDeploymentPostprocessing = 0;
		};
		2C4C74E118CE199700B67543 /* Frameworks */ = {
			isa = PBXFrameworksBuildPhase;
			buildActionMask = 2147483647;
			files = (
				2CC99A6218D3E2F9006F04B3 /* libnixtla-audio-osx.a in Frameworks */,
				2C606BF22E1FC17D00FB8AB8 /* CoreFoundation.framework in Frameworks */,
				2C606BEB2E1FC10400FB8AB8 /* AVFAudio.framework in Frameworks */,
				2C4C74EF18CE1A1600B67543 /* OpenAL.framework in Frameworks */,
			);
			runOnlyForDeploymentPostprocessing = 0;
		};
		2C4C74F218CE1ABC00B67543 /* Frameworks */ = {
			isa = PBXFrameworksBuildPhase;
			buildActionMask = 2147483647;
			files = (
				2CC99A6518D3E329006F04B3 /* libnixtla-audio-ios.a in Frameworks */,
				2CC99A6718D3E337006F04B3 /* OpenAL.framework in Frameworks */,
				2C606BEE2E1FC12300FB8AB8 /* AVFAudio.framework in Frameworks */,
				2C4C74F918CE1ABC00B67543 /* CoreGraphics.framework in Frameworks */,
				2C4C74FB18CE1ABC00B67543 /* UIKit.framework in Frameworks */,
				2C4C74F718CE1ABC00B67543 /* Foundation.framework in Frameworks */,
			);
			runOnlyForDeploymentPostprocessing = 0;
		};
		2C4C752D18CE1AE900B67543 /* Frameworks */ = {
			isa = PBXFrameworksBuildPhase;
			buildActionMask = 2147483647;
			files = (
				2CC99A6918D3E343006F04B3 /* libnixtla-audio-ios.a in Frameworks */,
				2CC99A6A18D3E34A006F04B3 /* OpenAL.framework in Frameworks */,
				2C606BEF2E1FC13000FB8AB8 /* AVFAudio.framework in Frameworks */,
				2C4C753218CE1AE900B67543 /* CoreGraphics.framework in Frameworks */,
				2C4C753318CE1AE900B67543 /* UIKit.framework in Frameworks */,
				2C4C753118CE1AE900B67543 /* Foundation.framework in Frameworks */,
			);
			runOnlyForDeploymentPostprocessing = 0;
		};
		2C606BFE2E20217900FB8AB8 /* Frameworks */ = {
			isa = PBXFrameworksBuildPhase;
			buildActionMask = 2147483647;
			files = (
				2C606C0A2E20254B00FB8AB8 /* libnixtla-audio-osx.a in Frameworks */,
				2C606C0B2E20255900FB8AB8 /* CoreFoundation.framework in Frameworks */,
				2C606C0E2E20257C00FB8AB8 /* AVFAudio.framework in Frameworks */,
				2C606C0D2E20257400FB8AB8 /* OpenAL.framework in Frameworks */,
			);
			runOnlyForDeploymentPostprocessing = 0;
		};
		2CB6A23018CFF01B006A1ACC /* Frameworks */ = {
			isa = PBXFrameworksBuildPhase;
			buildActionMask = 2147483647;
			files = (
				2CB90A162E283AFF009E9850 /* libnixtla-audio-osx.a in Frameworks */,
				2C606BF32E1FC1C500FB8AB8 /* CoreFoundation.framework in Frameworks */,
				2C606BEC2E1FC11000FB8AB8 /* AVFAudio.framework in Frameworks */,
				2CB6A23C18CFF039006A1ACC /* OpenAL.framework in Frameworks */,
			);
			runOnlyForDeploymentPostprocessing = 0;
		};
		2CB90A052E28195F009E9850 /* Frameworks */ = {
			isa = PBXFrameworksBuildPhase;
			buildActionMask = 2147483647;
			files = (
				2CB90A112E28205D009E9850 /* libnixtla-audio-osx.a in Frameworks */,
				2CB90A122E282069009E9850 /* CoreFoundation.framework in Frameworks */,
				2CB90A142E282075009E9850 /* AVFAudio.framework in Frameworks */,
				2CB90A132E28206F009E9850 /* OpenAL.framework in Frameworks */,
			);
			runOnlyForDeploymentPostprocessing = 0;
		};
/* End PBXFrameworksBuildPhase section */

/* Begin PBXGroup section */
		2C496BFA18D53B6B0076BF5D /* nibsa */ = {
			isa = PBXGroup;
			children = (
				2CC99A6818D3E343006F04B3 /* libnixtla-audio-ios.a */,
				2CC99A6418D3E329006F04B3 /* libnixtla-audio-ios.a */,
				2CC99A6018D3E2F6006F04B3 /* libnixtla-audio-osx.a */,
			);
			name = nibsa;
			sourceTree = "<group>";
		};
		2C496BFB18D53B700076BF5D /* apple */ = {
			isa = PBXGroup;
			children = (
				2C4C74FA18CE1ABC00B67543 /* UIKit.framework */,
				2C4C751818CE1ABD00B67543 /* XCTest.framework */,
				2CC99A6618D3E337006F04B3 /* OpenAL.framework */,
				2C83375918D26A0D007CE46D /* AudioToolbox.framework */,
				2C6412AB18C9261B00E4F7A2 /* OpenAL.framework */,
				2C4C74F618CE1ABC00B67543 /* Foundation.framework */,
				2C4C74F818CE1ABC00B67543 /* CoreGraphics.framework */,
			);
			name = apple;
			sourceTree = "<group>";
		};
		2C4C74BD18CE152800B67543 /* lib-nixtla-audio-demos */ = {
			isa = PBXGroup;
			children = (
				2C4C74FC18CE1ABC00B67543 /* playwav-ios */,
				2C4C753418CE1AE900B67543 /* captureeco-ios */,
			);
			name = "lib-nixtla-audio-demos";
			sourceTree = "<group>";
		};
		2C4C74FC18CE1ABC00B67543 /* playwav-ios */ = {
			isa = PBXGroup;
			children = (
				2C4C750518CE1ABD00B67543 /* NIXAppDelegate.h */,
				2C4C750618CE1ABD00B67543 /* NIXAppDelegate.m */,
				2C4C750E18CE1ABD00B67543 /* NIXViewController.h */,
				2C4C750F18CE1ABD00B67543 /* NIXViewController.m */,
				2C4C750818CE1ABD00B67543 /* Main_iPhone.storyboard */,
				2C4C750B18CE1ABD00B67543 /* Main_iPad.storyboard */,
				2C4C751118CE1ABD00B67543 /* Images.xcassets */,
				2CB6A24118D105C2006A1ACC /* Resources */,
				2C4C74FD18CE1ABD00B67543 /* Supporting Files */,
			);
			path = "playwav-ios";
			sourceTree = "<group>";
		};
		2C4C74FD18CE1ABD00B67543 /* Supporting Files */ = {
			isa = PBXGroup;
			children = (
				2C4C74FE18CE1ABD00B67543 /* playwav-ios-Info.plist */,
				2C4C74FF18CE1ABD00B67543 /* InfoPlist.strings */,
				2C4C750218CE1ABD00B67543 /* main.m */,
				2C4C750418CE1ABD00B67543 /* playwav-ios-Prefix.pch */,
			);
			name = "Supporting Files";
			sourceTree = "<group>";
		};
		2C4C753418CE1AE900B67543 /* captureeco-ios */ = {
			isa = PBXGroup;
			children = (
				2C4C753D18CE1AE900B67543 /* NIXAppDelegate.h */,
				2C4C753E18CE1AE900B67543 /* NIXAppDelegate.m */,
				2C4C754618CE1AE900B67543 /* NIXViewController.h */,
				2C4C754718CE1AE900B67543 /* NIXViewController.m */,
				2C4C754018CE1AE900B67543 /* Main_iPhone.storyboard */,
				2C4C754318CE1AE900B67543 /* Main_iPad.storyboard */,
				2C4C754918CE1AE900B67543 /* Images.xcassets */,
				2C4C753518CE1AE900B67543 /* Supporting Files */,
			);
			path = "captureeco-ios";
			sourceTree = "<group>";
		};
		2C4C753518CE1AE900B67543 /* Supporting Files */ = {
			isa = PBXGroup;
			children = (
				2C4C753618CE1AE900B67543 /* captureeco-ios-Info.plist */,
				2C4C753718CE1AE900B67543 /* InfoPlist.strings */,
				2C4C753A18CE1AE900B67543 /* main.m */,
				2C4C753C18CE1AE900B67543 /* captureeco-ios-Prefix.pch */,
			);
			name = "Supporting Files";
			sourceTree = "<group>";
		};
		2C606BF82E2020DE00FB8AB8 /* utils */ = {
			isa = PBXGroup;
			children = (
				2CB909EC2E25A839009E9850 /* utilFilesList.h */,
				2CB909EE2E267E91009E9850 /* utilLoadWav.h */,
				2C606BF92E2020FC00FB8AB8 /* utilLoadWav.c */,
			);
			path = utils;
			sourceTree = SOURCE_ROOT;
		};
		2C606C0F2E2025E000FB8AB8 /* tests */ = {
			isa = PBXGroup;
			children = (
				2C606C122E20260800FB8AB8 /* testMemMap.h */,
				2C606C132E20260800FB8AB8 /* testMemMap.c */,
				2C606C112E20260800FB8AB8 /* testMemLeakMain.c */,
				2C606C142E20260800FB8AB8 /* testSamplesConversion.c */,
				2CB909ED2E267C1A009E9850 /* testSamplesConversionAndroid.c */,
				2C606C152E20260800FB8AB8 /* testStress.c */,
			);
			path = tests;
			sourceTree = "<group>";
		};
		2C606C102E2025E700FB8AB8 /* demos */ = {
			isa = PBXGroup;
			children = (
				2C606C172E20261700FB8AB8 /* demoPlayWav.c */,
				2CB909EB2E254DFD009E9850 /* demoPlayWavAndroid.c */,
				2CB90A032E281927009E9850 /* demoPlayStream.c */,
				2CB90A152E2828D7009E9850 /* demoPlayStreamAndroid.c */,
				2C606C162E20261700FB8AB8 /* demoCaptureEco.c */,
			);
			path = demos;
			sourceTree = "<group>";
		};
		2C6412AD18C9263C00E4F7A2 /* Frameworks */ = {
			isa = PBXGroup;
			children = (
				2C606C092E20254B00FB8AB8 /* libnixtla-audio-osx.a */,
				2C606BF02E1FC16F00FB8AB8 /* CoreFoundation.framework */,
				2C606BE92E1FC0F600FB8AB8 /* AVFAudio.framework */,
				2C606BED2E1FC12300FB8AB8 /* AVFAudio.framework */,
				2C496BFA18D53B6B0076BF5D /* nibsa */,
				2C496BFB18D53B700076BF5D /* apple */,
			);
			name = Frameworks;
			sourceTree = "<group>";
		};
		2C82A75A18C3B52300DB9D37 = {
			isa = PBXGroup;
			children = (
				2C4C74BD18CE152800B67543 /* lib-nixtla-audio-demos */,
				2C606C102E2025E700FB8AB8 /* demos */,
				2C606C0F2E2025E000FB8AB8 /* tests */,
				2C606BF82E2020DE00FB8AB8 /* utils */,
				2C6412AD18C9263C00E4F7A2 /* Frameworks */,
				2C82A76418C3B52300DB9D37 /* Products */,
			);
			sourceTree = "<group>";
		};
		2C82A76418C3B52300DB9D37 /* Products */ = {
			isa = PBXGroup;
			children = (
				2C4C74D318CE15BA00B67543 /* demo-playwav-osx */,
				2C4C74E418CE199700B67543 /* demo-captureeco-osx */,
				2C4C74F518CE1ABC00B67543 /* demo-playwav-ios.app */,
				2C4C753018CE1AE900B67543 /* demo-captureeco-ios.app */,
				2CB6A23318CFF01B006A1ACC /* test-memleak-osx */,
				2C606C012E20217900FB8AB8 /* test-samples-conversion-osx */,
				2CB90A082E28195F009E9850 /* demo-playstream-osx */,
			);
			name = Products;
			sourceTree = "<group>";
		};
		2CB6A24118D105C2006A1ACC /* Resources */ = {
			isa = PBXGroup;
			children = (
				2CB6A24218D10A04006A1ACC /* beat_mono_08_08000.wav */,
				2CB6A24318D10A04006A1ACC /* beat_mono_08_11025.wav */,
				2CB6A24418D10A04006A1ACC /* beat_mono_08_22050.wav */,
				2CB6A24518D10A04006A1ACC /* beat_mono_08_44100.wav */,
				2CB6A24618D10A04006A1ACC /* beat_mono_16_08000.wav */,
				2CB6A24718D10A05006A1ACC /* beat_mono_16_11025.wav */,
				2CB6A24818D10A05006A1ACC /* beat_mono_16_22050.wav */,
				2CB6A24918D10A05006A1ACC /* beat_mono_16_44100.wav */,
				2CB6A24A18D10A05006A1ACC /* beat_mono_24_08000.wav */,
				2CB6A24B18D10A05006A1ACC /* beat_mono_24_11025.wav */,
				2CB6A24C18D10A05006A1ACC /* beat_mono_24_22050.wav */,
				2CB6A24D18D10A05006A1ACC /* beat_mono_24_44100.wav */,
				2CB6A24E18D10A05006A1ACC /* beat_mono_32_08000.wav */,
				2CB6A24F18D10A05006A1ACC /* beat_mono_32_11025.wav */,
				2CB6A25018D10A05006A1ACC /* beat_mono_32_22050.wav */,
				2CB6A25118D10A05006A1ACC /* beat_mono_32_44100.wav */,
				2CB6A25218D10A05006A1ACC /* beat_stereo_24_08000.wav */,
				2CB6A25318D10A05006A1ACC /* beat_stereo_24_11025.wav */,
				2CB6A25418D10A05006A1ACC /* beat_stereo_24_22050.wav */,
				2CB6A25518D10A05006A1ACC /* beat_stereo_24_44100.wav */,
				2CB6A25618D10A05006A1ACC /* beat_stereo_08_08000.wav */,
				2CB6A25718D10A05006A1ACC /* beat_stereo_08_11025.wav */,
				2CB6A25818D10A05006A1ACC /* beat_stereo_08_22050.wav */,
				2CB6A25918D10A05006A1ACC /* beat_stereo_08_44100.wav */,
				2CB6A25A18D10A05006A1ACC /* beat_stereo_16_08000.wav */,
				2CB6A25B18D10A05006A1ACC /* beat_stereo_32_08000.wav */,
				2CB6A25C18D10A05006A1ACC /* beat_stereo_32_11025.wav */,
				2CB6A25D18D10A05006A1ACC /* beat_stereo_32_22050.wav */,
				2CB6A25E18D10A05006A1ACC /* beat_stereo_32_44100.wav */,
				2CB6A25F18D10A05006A1ACC /* beat_stereo_16_11025.wav */,
				2CB6A26018D10A05006A1ACC /* beat_stereo_16_22050.wav */,
				2CB6A26118D10A05006A1ACC /* beat_stereo_16_44100.wav */,
			);
			name = Resources;
			sourceTree = "<group>";
		};
/* End PBXGroup section */

/* Begin PBXNativeTarget section */
		2C4C74D218CE15BA00B67543 /* demo-playwav-osx */ = {
			isa = PBXNativeTarget;
			buildConfigurationList = 2C4C74D918CE15BA00B67543 /* Build configuration list for PBXNativeTarget "demo-playwav-osx" */;
			buildPhases = (
				2C4C74CF18CE15BA00B67543 /* Sources */,
				2C4C74D018CE15BA00B67543 /* Frameworks */,
				2C4C74D118CE15BA00B67543 /* CopyFiles */,
			);
			buildRules = (
			);
			dependencies = (
			);
			name = "demo-playwav-osx";
			productName = "playwav-osx";
			productReference = 2C4C74D318CE15BA00B67543 /* demo-playwav-osx */;
			productType = "com.apple.product-type.tool";
		};
		2C4C74E318CE199700B67543 /* demo-captureeco-osx */ = {
			isa = PBXNativeTarget;
			buildConfigurationList = 2C4C74EA18CE199800B67543 /* Build configuration list for PBXNativeTarget "demo-captureeco-osx" */;
			buildPhases = (
				2C4C74E018CE199700B67543 /* Sources */,
				2C4C74E118CE199700B67543 /* Frameworks */,
				2C4C74E218CE199700B67543 /* CopyFiles */,
			);
			buildRules = (
			);
			dependencies = (
			);
			name = "demo-captureeco-osx";
			productName = "captureeco-osx";
			productReference = 2C4C74E418CE199700B67543 /* demo-captureeco-osx */;
			productType = "com.apple.product-type.tool";
		};
		2C4C74F418CE1ABC00B67543 /* demo-playwav-ios */ = {
			isa = PBXNativeTarget;
			buildConfigurationList = 2C4C752618CE1ABD00B67543 /* Build configuration list for PBXNativeTarget "demo-playwav-ios" */;
			buildPhases = (
				2C4C74F118CE1ABC00B67543 /* Sources */,
				2C4C74F218CE1ABC00B67543 /* Frameworks */,
				2C4C74F318CE1ABC00B67543 /* Resources */,
			);
			buildRules = (
			);
			dependencies = (
			);
			name = "demo-playwav-ios";
			productName = "playwav-ios";
			productReference = 2C4C74F518CE1ABC00B67543 /* demo-playwav-ios.app */;
			productType = "com.apple.product-type.application";
		};
		2C4C752F18CE1AE900B67543 /* demo-captureeco-ios */ = {
			isa = PBXNativeTarget;
			buildConfigurationList = 2C4C755D18CE1AEA00B67543 /* Build configuration list for PBXNativeTarget "demo-captureeco-ios" */;
			buildPhases = (
				2C4C752C18CE1AE900B67543 /* Sources */,
				2C4C752D18CE1AE900B67543 /* Frameworks */,
				2C4C752E18CE1AE900B67543 /* Resources */,
			);
			buildRules = (
			);
			dependencies = (
			);
			name = "demo-captureeco-ios";
			productName = "captureeco-ios";
			productReference = 2C4C753018CE1AE900B67543 /* demo-captureeco-ios.app */;
			productType = "com.apple.product-type.application";
		};
		2C606C002E20217900FB8AB8 /* test-samples-conversion-osx */ = {
			isa = PBXNativeTarget;
			buildConfigurationList = 2C606C052E20217900FB8AB8 /* Build configuration list for PBXNativeTarget "test-samples-conversion-osx" */;
			buildPhases = (
				2C606BFD2E20217900FB8AB8 /* Sources */,
				2C606BFE2E20217900FB8AB8 /* Frameworks */,
				2C606BFF2E20217900FB8AB8 /* CopyFiles */,
			);
			buildRules = (
			);
			dependencies = (
			);
			name = "test-samples-conversion-osx";
			packageProductDependencies = (
			);
			productName = "test-samples-conversion-osx";
			productReference = 2C606C012E20217900FB8AB8 /* test-samples-conversion-osx */;
			productType = "com.apple.product-type.tool";
		};
		2CB6A23218CFF01B006A1ACC /* test-memleak-osx */ = {
			isa = PBXNativeTarget;
			buildConfigurationList = 2CB6A23918CFF01B006A1ACC /* Build configuration list for PBXNativeTarget "test-memleak-osx" */;
			buildPhases = (
				2CB6A22F18CFF01B006A1ACC /* Sources */,
				2CB6A23018CFF01B006A1ACC /* Frameworks */,
				2CB6A23118CFF01B006A1ACC /* CopyFiles */,
			);
			buildRules = (
			);
			dependencies = (
			);
			name = "test-memleak-osx";
			productName = "memleak-osx";
			productReference = 2CB6A23318CFF01B006A1ACC /* test-memleak-osx */;
			productType = "com.apple.product-type.tool";
		};
		2CB90A072E28195F009E9850 /* demo-playstream-osx */ = {
			isa = PBXNativeTarget;
			buildConfigurationList = 2CB90A0C2E28195F009E9850 /* Build configuration list for PBXNativeTarget "demo-playstream-osx" */;
			buildPhases = (
				2CB90A042E28195F009E9850 /* Sources */,
				2CB90A052E28195F009E9850 /* Frameworks */,
				2CB90A062E28195F009E9850 /* CopyFiles */,
			);
			buildRules = (
			);
			dependencies = (
			);
			name = "demo-playstream-osx";
			packageProductDependencies = (
			);
			productName = "demo-play-stream-osx";
			productReference = 2CB90A082E28195F009E9850 /* demo-playstream-osx */;
			productType = "com.apple.product-type.tool";
		};
/* End PBXNativeTarget section */

/* Begin PBXProject section */
		2C82A75B18C3B52300DB9D37 /* Project object */ = {
			isa = PBXProject;
			attributes = {
				LastUpgradeCheck = 0500;
				ORGANIZATIONNAME = NIBSA;
				TargetAttributes = {
					2C606C002E20217900FB8AB8 = {
						CreatedOnToolsVersion = 16.4;
						ProvisioningStyle = Automatic;
					};
					2CB90A072E28195F009E9850 = {
						CreatedOnToolsVersion = 16.4;
						ProvisioningStyle = Automatic;
					};
				};
			};
			buildConfigurationList = 2C82A75E18C3B52300DB9D37 /* Build configuration list for PBXProject "lib-nixtla-audio-demos" */;
			compatibilityVersion = "Xcode 3.2";
			developmentRegion = English;
			hasScannedForEncodings = 0;
			knownRegions = (
				English,
				en,
				Base,
			);
			mainGroup = 2C82A75A18C3B52300DB9D37;
			productRefGroup = 2C82A76418C3B52300DB9D37 /* Products */;
			projectDirPath = "";
			projectRoot = "";
			targets = (
				2C4C74D218CE15BA00B67543 /* demo-playwav-osx */,
				2CB90A072E28195F009E9850 /* demo-playstream-osx */,
				2C4C74E318CE199700B67543 /* demo-captureeco-osx */,
				2C4C74F418CE1ABC00B67543 /* demo-playwav-ios */,
				2C4C752F18CE1AE900B67543 /* demo-captureeco-ios */,
				2CB6A23218CFF01B006A1ACC /* test-memleak-osx */,
				2C606C002E20217900FB8AB8 /* test-samples-conversion-osx */,
			);
		};
/* End PBXProject section */

/* Begin PBXResourcesBuildPhase section */
		2C4C74F318CE1ABC00B67543 /* Resources */ = {
			isa = PBXResourcesBuildPhase;
			buildActionMask = 2147483647;
			files = (
				2C83375618D162C6007CE46D /* Main_iPhone.storyboard in Resources */,
				2C83375718D162C6007CE46D /* Main_iPad.storyboard in Resources */,
				2CB6A26918D10A05006A1ACC /* beat_mono_16_44100.wav in Resources */,
				2CB6A27A18D10A05006A1ACC /* beat_stereo_16_08000.wav in Resources */,
				2CB6A26B18D10A05006A1ACC /* beat_mono_24_11025.wav in Resources */,
				2CB6A26218D10A05006A1ACC /* beat_mono_08_08000.wav in Resources */,
				2CB6A26D18D10A05006A1ACC /* beat_mono_24_44100.wav in Resources */,
				2CB6A27018D10A05006A1ACC /* beat_mono_32_22050.wav in Resources */,
				2CB6A26F18D10A05006A1ACC /* beat_mono_32_11025.wav in Resources */,
				2CB6A27518D10A05006A1ACC /* beat_stereo_24_44100.wav in Resources */,
				2CB6A27618D10A05006A1ACC /* beat_stereo_08_08000.wav in Resources */,
				2CB6A27F18D10A05006A1ACC /* beat_stereo_16_11025.wav in Resources */,
				2CB6A27718D10A05006A1ACC /* beat_stereo_08_11025.wav in Resources */,
				2CB6A27418D10A05006A1ACC /* beat_stereo_24_22050.wav in Resources */,
				2CB6A27E18D10A05006A1ACC /* beat_stereo_32_44100.wav in Resources */,
				2CB6A27118D10A05006A1ACC /* beat_mono_32_44100.wav in Resources */,
				2CB6A26E18D10A05006A1ACC /* beat_mono_32_08000.wav in Resources */,
				2CB6A26C18D10A05006A1ACC /* beat_mono_24_22050.wav in Resources */,
				2CB6A27818D10A05006A1ACC /* beat_stereo_08_22050.wav in Resources */,
				2CB6A28018D10A05006A1ACC /* beat_stereo_16_22050.wav in Resources */,
				2CB6A26418D10A05006A1ACC /* beat_mono_08_22050.wav in Resources */,
				2CB6A26818D10A05006A1ACC /* beat_mono_16_22050.wav in Resources */,
				2C4C751218CE1ABD00B67543 /* Images.xcassets in Resources */,
				2CB6A26718D10A05006A1ACC /* beat_mono_16_11025.wav in Resources */,
				2CB6A26518D10A05006A1ACC /* beat_mono_08_44100.wav in Resources */,
				2CB6A26618D10A05006A1ACC /* beat_mono_16_08000.wav in Resources */,
				2C4C750118CE1ABD00B67543 /* InfoPlist.strings in Resources */,
				2CB6A28118D10A05006A1ACC /* beat_stereo_16_44100.wav in Resources */,
				2CB6A27318D10A05006A1ACC /* beat_stereo_24_11025.wav in Resources */,
				2CB6A27918D10A05006A1ACC /* beat_stereo_08_44100.wav in Resources */,
				2CB6A26318D10A05006A1ACC /* beat_mono_08_11025.wav in Resources */,
				2CB6A27218D10A05006A1ACC /* beat_stereo_24_08000.wav in Resources */,
				2CB6A27B18D10A05006A1ACC /* beat_stereo_32_08000.wav in Resources */,
				2CB6A27D18D10A05006A1ACC /* beat_stereo_32_22050.wav in Resources */,
				2CB6A27C18D10A05006A1ACC /* beat_stereo_32_11025.wav in Resources */,
				2CB6A26A18D10A05006A1ACC /* beat_mono_24_08000.wav in Resources */,
			);
			runOnlyForDeploymentPostprocessing = 0;
		};
		2C4C752E18CE1AE900B67543 /* Resources */ = {
			isa = PBXResourcesBuildPhase;
			buildActionMask = 2147483647;
			files = (
				2C4C754518CE1AE900B67543 /* Main_iPad.storyboard in Resources */,
				2C4C754A18CE1AE900B67543 /* Images.xcassets in Resources */,
				2C4C754218CE1AE900B67543 /* Main_iPhone.storyboard in Resources */,
				2C4C753918CE1AE900B67543 /* InfoPlist.strings in Resources */,
			);
			runOnlyForDeploymentPostprocessing = 0;
		};
/* End PBXResourcesBuildPhase section */

/* Begin PBXSourcesBuildPhase section */
		2C4C74CF18CE15BA00B67543 /* Sources */ = {
			isa = PBXSourcesBuildPhase;
			buildActionMask = 2147483647;
			files = (
				2CB909EF2E268DCB009E9850 /* utilLoadWav.c in Sources */,
				2C606C182E20264600FB8AB8 /* demoPlayWav.c in Sources */,
			);
			runOnlyForDeploymentPostprocessing = 0;
		};
		2C4C74E018CE199700B67543 /* Sources */ = {
			isa = PBXSourcesBuildPhase;
			buildActionMask = 2147483647;
			files = (
				2CB909F02E268DCB009E9850 /* utilLoadWav.c in Sources */,
				2C606C192E20264C00FB8AB8 /* demoCaptureEco.c in Sources */,
			);
			runOnlyForDeploymentPostprocessing = 0;
		};
		2C4C74F118CE1ABC00B67543 /* Sources */ = {
			isa = PBXSourcesBuildPhase;
			buildActionMask = 2147483647;
			files = (
				2C4C750718CE1ABD00B67543 /* NIXAppDelegate.m in Sources */,
				2C4C751018CE1ABD00B67543 /* NIXViewController.m in Sources */,
				2C4C750318CE1ABD00B67543 /* main.m in Sources */,
			);
			runOnlyForDeploymentPostprocessing = 0;
		};
		2C4C752C18CE1AE900B67543 /* Sources */ = {
			isa = PBXSourcesBuildPhase;
			buildActionMask = 2147483647;
			files = (
				2C4C753F18CE1AE900B67543 /* NIXAppDelegate.m in Sources */,
				2C4C754818CE1AE900B67543 /* NIXViewController.m in Sources */,
				2C4C753B18CE1AE900B67543 /* main.m in Sources */,
			);
			runOnlyForDeploymentPostprocessing = 0;
		};
		2C606BFD2E20217900FB8AB8 /* Sources */ = {
			isa = PBXSourcesBuildPhase;
			buildActionMask = 2147483647;
			files = (
				2CB909F22E268DCB009E9850 /* utilLoadWav.c in Sources */,
				2C606C1B2E20266B00FB8AB8 /* testSamplesConversion.c in Sources */,
			);
			runOnlyForDeploymentPostprocessing = 0;
		};
		2CB6A22F18CFF01B006A1ACC /* Sources */ = {
			isa = PBXSourcesBuildPhase;
			buildActionMask = 2147483647;
			files = (
				2CB909F12E268DCB009E9850 /* utilLoadWav.c in Sources */,
				2C606C1A2E20265400FB8AB8 /* testMemLeakMain.c in Sources */,
				2CB909F32E268F32009E9850 /* testMemMap.c in Sources */,
			);
			runOnlyForDeploymentPostprocessing = 0;
		};
		2CB90A042E28195F009E9850 /* Sources */ = {
			isa = PBXSourcesBuildPhase;
			buildActionMask = 2147483647;
			files = (
				2CB90A102E28201C009E9850 /* utilLoadWav.c in Sources */,
				2CB90A0F2E2819B3009E9850 /* demoPlayStream.c in Sources */,
			);
			runOnlyForDeploymentPostprocessing = 0;
		};
/* End PBXSourcesBuildPhase section */

/* Begin PBXVariantGroup section */
		2C4C74FF18CE1ABD00B67543 /* InfoPlist.strings */ = {
			isa = PBXVariantGroup;
			children = (
				2C4C750018CE1ABD00B67543 /* en */,
			);
			name = InfoPlist.strings;
			path = "playwav-ios";
			sourceTree = SOURCE_ROOT;
		};
		2C4C750818CE1ABD00B67543 /* Main_iPhone.storyboard */ = {
			isa = PBXVariantGroup;
			children = (
				2C4C750918CE1ABD00B67543 /* Base */,
			);
			name = Main_iPhone.storyboard;
			path = "playwav-ios";
			sourceTree = SOURCE_ROOT;
		};
		2C4C750B18CE1ABD00B67543 /* Main_iPad.storyboard */ = {
			isa = PBXVariantGroup;
			children = (
				2C4C750C18CE1ABD00B67543 /* Base */,
			);
			name = Main_iPad.storyboard;
			path = "playwav-ios";
			sourceTree = SOURCE_ROOT;
		};
		2C4C753718CE1AE900B67543 /* InfoPlist.strings */ = {
			isa = PBXVariantGroup;
			children = (
				2C4C753818CE1AE900B67543 /* en */,
			);
			name = InfoPlist.strings;
			sourceTree = "<group>";
		};
		2C4C754018CE1AE900B67543 /* Main_iPhone.storyboard */ = {
			isa = PBXVariantGroup;
			children = (
				2C4C754118CE1AE900B67543 /* Base */,
			);
			name = Main_iPhone.storyboard;
			sourceTree = "<group>";
		};
		2C4C754318CE1AE900B67543 /* Main_iPad.storyboard */ = {
			isa = PBXVariantGroup;
			children = (
				2C4C754418CE1AE900B67543 /* Base */,
			);
			name = Main_iPad.storyboard;
			sourceTree = "<group>";
		};
/* End PBXVariantGroup section */

/* Begin XCBuildConfiguration section */
		2C4C74DA18CE15BA00B67543 /* Debug */ = {
			isa = XCBuildConfiguration;
			buildSettings = {
				GCC_PREPROCESSOR_DEFINITIONS = (
					"DEBUG=1",
					"$(inherited)",
				);
				LIBRARY_SEARCH_PATHS = (
					"$(inherited)",
					"$(USER_LIBRARY_DIR)/Developer/Xcode/DerivedData/lib-nixtla-audio-gkdinsdugdtgbuduqhthvvfaspzu/Build/Products/Debug",
				);
				PRODUCT_NAME = "$(TARGET_NAME)";
			};
			name = Debug;
		};
		2C4C74DB18CE15BA00B67543 /* Release */ = {
			isa = XCBuildConfiguration;
			buildSettings = {
				LIBRARY_SEARCH_PATHS = (
					"$(inherited)",
					"$(USER_LIBRARY_DIR)/Developer/Xcode/DerivedData/lib-nixtla-audio-gkdinsdugdtgbuduqhthvvfaspzu/Build/Products/Debug",
				);
				PRODUCT_NAME = "$(TARGET_NAME)";
			};
			name = Release;
		};
		2C4C74EB18CE199800B67543 /* Debug */ = {
			isa = XCBuildConfiguration;
			buildSettings = {
				GCC_PREPROCESSOR_DEFINITIONS = (
					"DEBUG=1",
					"$(inherited)",
				);
				LIBRARY_SEARCH_PATHS = (
					"$(inherited)",
					"$(USER_LIBRARY_DIR)/Developer/Xcode/DerivedData/lib-nixtla-audio-gkdinsdugdtgbuduqhthvvfaspzu/Build/Products/Debug",
				);
				PRODUCT_NAME = "$(TARGET_NAME)";
			};
			name = Debug;
		};
		2C4C74EC18CE199800B67543 /* Release */ = {
			isa = XCBuildConfiguration;
			buildSettings = {
				LIBRARY_SEARCH_PATHS = (
					"$(inherited)",
					"$(USER_LIBRARY_DIR)/Developer/Xcode/DerivedData/lib-nixtla-audio-gkdinsdugdtgbuduqhthvvfaspzu/Build/Products/Debug",
				);
				PRODUCT_NAME = "$(TARGET_NAME)";
			};
			name = Release;
		};
		2C4C752718CE1ABD00B67543 /* Debug */ = {
			isa = XCBuildConfiguration;
			buildSettings = {
				ARCHS = "$(ARCHS_STANDARD_INCLUDING_64_BIT)";
				ASSETCATALOG_COMPILER_APPICON_NAME = AppIcon;
				ASSETCATALOG_COMPILER_LAUNCHIMAGE_NAME = LaunchImage;
				CLANG_ENABLE_MODULES = YES;
				"CODE_SIGN_IDENTITY[sdk=iphoneos*]" = "iPhone Developer";
				FRAMEWORK_SEARCH_PATHS = (
					"$(inherited)",
					"$(DEVELOPER_FRAMEWORKS_DIR)",
				);
				GCC_PRECOMPILE_PREFIX_HEADER = YES;
				GCC_PREFIX_HEADER = "playwav-ios/playwav-ios-Prefix.pch";
				GCC_PREPROCESSOR_DEFINITIONS = (
					"DEBUG=1",
					"$(inherited)",
				);
				INFOPLIST_FILE = "playwav-ios/playwav-ios-Info.plist";
				IPHONEOS_DEPLOYMENT_TARGET = 5.0;
				PRODUCT_NAME = "$(TARGET_NAME)";
				SDKROOT = iphoneos;
				TARGETED_DEVICE_FAMILY = "1,2";
				USER_HEADER_SEARCH_PATHS = "$(SRCROOT)/../../../include $(SRCROOT)/../../../src/c/demos";
				WRAPPER_EXTENSION = app;
			};
			name = Debug;
		};
		2C4C752818CE1ABD00B67543 /* Release */ = {
			isa = XCBuildConfiguration;
			buildSettings = {
				ARCHS = "$(ARCHS_STANDARD_INCLUDING_64_BIT)";
				ASSETCATALOG_COMPILER_APPICON_NAME = AppIcon;
				ASSETCATALOG_COMPILER_LAUNCHIMAGE_NAME = LaunchImage;
				CLANG_ENABLE_MODULES = YES;
				"CODE_SIGN_IDENTITY[sdk=iphoneos*]" = "iPhone Developer";
				FRAMEWORK_SEARCH_PATHS = (
					"$(inherited)",
					"$(DEVELOPER_FRAMEWORKS_DIR)",
				);
				GCC_PRECOMPILE_PREFIX_HEADER = YES;
				GCC_PREFIX_HEADER = "playwav-ios/playwav-ios-Prefix.pch";
				INFOPLIST_FILE = "playwav-ios/playwav-ios-Info.plist";
				IPHONEOS_DEPLOYMENT_TARGET = 5.0;
				PRODUCT_NAME = "$(TARGET_NAME)";
				SDKROOT = iphoneos;
				TARGETED_DEVICE_FAMILY = "1,2";
				USER_HEADER_SEARCH_PATHS = "$(SRCROOT)/../../../include $(SRCROOT)/../../../src/c/demos";
				VALIDATE_PRODUCT = YES;
				WRAPPER_EXTENSION = app;
			};
			name = Release;
		};
		2C4C755E18CE1AEA00B67543 /* Debug */ = {
			isa = XCBuildConfiguration;
			buildSettings = {
				ARCHS = "$(ARCHS_STANDARD_INCLUDING_64_BIT)";
				ASSETCATALOG_COMPILER_APPICON_NAME = AppIcon;
				ASSETCATALOG_COMPILER_LAUNCHIMAGE_NAME = LaunchImage;
				CLANG_ENABLE_MODULES = YES;
				"CODE_SIGN_IDENTITY[sdk=iphoneos*]" = "iPhone Developer";
				FRAMEWORK_SEARCH_PATHS = (
					"$(inherited)",
					"$(DEVELOPER_FRAMEWORKS_DIR)",
				);
				GCC_PRECOMPILE_PREFIX_HEADER = YES;
				GCC_PREFIX_HEADER = "captureeco-ios/captureeco-ios-Prefix.pch";
				GCC_PREPROCESSOR_DEFINITIONS = (
					"DEBUG=1",
					"$(inherited)",
				);
				INFOPLIST_FILE = "captureeco-ios/captureeco-ios-Info.plist";
				IPHONEOS_DEPLOYMENT_TARGET = 5.0;
				PRODUCT_NAME = "$(TARGET_NAME)";
				SDKROOT = iphoneos;
				TARGETED_DEVICE_FAMILY = "1,2";
				WRAPPER_EXTENSION = app;
			};
			name = Debug;
		};
		2C4C755F18CE1AEA00B67543 /* Release */ = {
			isa = XCBuildConfiguration;
			buildSettings = {
				ARCHS = "$(ARCHS_STANDARD_INCLUDING_64_BIT)";
				ASSETCATALOG_COMPILER_APPICON_NAME = AppIcon;
				ASSETCATALOG_COMPILER_LAUNCHIMAGE_NAME = LaunchImage;
				CLANG_ENABLE_MODULES = YES;
				"CODE_SIGN_IDENTITY[sdk=iphoneos*]" = "iPhone Developer";
				FRAMEWORK_SEARCH_PATHS = (
					"$(inherited)",
					"$(DEVELOPER_FRAMEWORKS_DIR)",
				);
				GCC_PRECOMPILE_PREFIX_HEADER = YES;
				GCC_PREFIX_HEADER = "captureeco-ios/captureeco-ios-Prefix.pch";
				INFOPLIST_FILE = "captureeco-ios/captureeco-ios-Info.plist";
				IPHONEOS_DEPLOYMENT_TARGET = 5.0;
				PRODUCT_NAME = "$(TARGET_NAME)";
				SDKROOT = iphoneos;
				TARGETED_DEVICE_FAMILY = "1,2";
				VALIDATE_PRODUCT = YES;
				WRAPPER_EXTENSION = app;
			};
			name = Release;
		};
		2C606C062E20217900FB8AB8 /* Debug */ = {
			isa = XCBuildConfiguration;
			buildSettings = {
				ASSETCATALOG_COMPILER_GENERATE_SWIFT_ASSET_SYMBOL_EXTENSIONS = YES;
				CLANG_ANALYZER_NONNULL = YES;
				CLANG_ANALYZER_NUMBER_OBJECT_CONVERSION = YES_AGGRESSIVE;
				CLANG_CXX_LANGUAGE_STANDARD = "gnu++20";
				CLANG_ENABLE_MODULES = YES;
				CLANG_ENABLE_OBJC_WEAK = YES;
				CLANG_WARN_BLOCK_CAPTURE_AUTORELEASING = YES;
				CLANG_WARN_COMMA = YES;
				CLANG_WARN_DEPRECATED_OBJC_IMPLEMENTATIONS = YES;
				CLANG_WARN_DOCUMENTATION_COMMENTS = YES;
				CLANG_WARN_INFINITE_RECURSION = YES;
				CLANG_WARN_NON_LITERAL_NULL_CONVERSION = YES;
				CLANG_WARN_OBJC_IMPLICIT_RETAIN_SELF = YES;
				CLANG_WARN_OBJC_LITERAL_CONVERSION = YES;
				CLANG_WARN_QUOTED_INCLUDE_IN_FRAMEWORK_HEADER = YES;
				CLANG_WARN_RANGE_LOOP_ANALYSIS = YES;
				CLANG_WARN_STRICT_PROTOTYPES = YES;
				CLANG_WARN_SUSPICIOUS_MOVE = YES;
				CLANG_WARN_UNGUARDED_AVAILABILITY = YES_AGGRESSIVE;
				CLANG_WARN_UNREACHABLE_CODE = YES;
				CODE_SIGN_STYLE = Automatic;
				DEBUG_INFORMATION_FORMAT = dwarf;
				ENABLE_STRICT_OBJC_MSGSEND = YES;
				ENABLE_TESTABILITY = YES;
				ENABLE_USER_SCRIPT_SANDBOXING = YES;
				GCC_C_LANGUAGE_STANDARD = gnu17;
				GCC_NO_COMMON_BLOCKS = YES;
				GCC_WARN_UNINITIALIZED_AUTOS = YES_AGGRESSIVE;
				LOCALIZATION_PREFERS_STRING_CATALOGS = YES;
				MACOSX_DEPLOYMENT_TARGET = 15.5;
				MTL_ENABLE_DEBUG_INFO = INCLUDE_SOURCE;
				MTL_FAST_MATH = YES;
				PRODUCT_NAME = "$(TARGET_NAME)";
			};
			name = Debug;
		};
		2C606C072E20217900FB8AB8 /* Release */ = {
			isa = XCBuildConfiguration;
			buildSettings = {
				ASSETCATALOG_COMPILER_GENERATE_SWIFT_ASSET_SYMBOL_EXTENSIONS = YES;
				CLANG_ANALYZER_NONNULL = YES;
				CLANG_ANALYZER_NUMBER_OBJECT_CONVERSION = YES_AGGRESSIVE;
				CLANG_CXX_LANGUAGE_STANDARD = "gnu++20";
				CLANG_ENABLE_MODULES = YES;
				CLANG_ENABLE_OBJC_WEAK = YES;
				CLANG_WARN_BLOCK_CAPTURE_AUTORELEASING = YES;
				CLANG_WARN_COMMA = YES;
				CLANG_WARN_DEPRECATED_OBJC_IMPLEMENTATIONS = YES;
				CLANG_WARN_DOCUMENTATION_COMMENTS = YES;
				CLANG_WARN_INFINITE_RECURSION = YES;
				CLANG_WARN_NON_LITERAL_NULL_CONVERSION = YES;
				CLANG_WARN_OBJC_IMPLICIT_RETAIN_SELF = YES;
				CLANG_WARN_OBJC_LITERAL_CONVERSION = YES;
				CLANG_WARN_QUOTED_INCLUDE_IN_FRAMEWORK_HEADER = YES;
				CLANG_WARN_RANGE_LOOP_ANALYSIS = YES;
				CLANG_WARN_STRICT_PROTOTYPES = YES;
				CLANG_WARN_SUSPICIOUS_MOVE = YES;
				CLANG_WARN_UNGUARDED_AVAILABILITY = YES_AGGRESSIVE;
				CLANG_WARN_UNREACHABLE_CODE = YES;
				CODE_SIGN_STYLE = Automatic;
				COPY_PHASE_STRIP = NO;
				ENABLE_STRICT_OBJC_MSGSEND = YES;
				ENABLE_USER_SCRIPT_SANDBOXING = YES;
				GCC_C_LANGUAGE_STANDARD = gnu17;
				GCC_NO_COMMON_BLOCKS = YES;
				GCC_WARN_UNINITIALIZED_AUTOS = YES_AGGRESSIVE;
				LOCALIZATION_PREFERS_STRING_CATALOGS = YES;
				MACOSX_DEPLOYMENT_TARGET = 15.5;
				MTL_ENABLE_DEBUG_INFO = NO;
				MTL_FAST_MATH = YES;
				PRODUCT_NAME = "$(TARGET_NAME)";
			};
			name = Release;
		};
		2C82A76A18C3B52300DB9D37 /* Debug */ = {
			isa = XCBuildConfiguration;
			buildSettings = {
				ALWAYS_SEARCH_USER_PATHS = NO;
				CLANG_CXX_LANGUAGE_STANDARD = "gnu++0x";
				CLANG_CXX_LIBRARY = "libc++";
				CLANG_ENABLE_OBJC_ARC = YES;
				CLANG_WARN_BOOL_CONVERSION = YES;
				CLANG_WARN_CONSTANT_CONVERSION = YES;
				CLANG_WARN_DIRECT_OBJC_ISA_USAGE = YES_ERROR;
				CLANG_WARN_EMPTY_BODY = YES;
				CLANG_WARN_ENUM_CONVERSION = YES;
				CLANG_WARN_INT_CONVERSION = YES;
				CLANG_WARN_OBJC_ROOT_CLASS = YES_ERROR;
				CLANG_WARN__DUPLICATE_METHOD_MATCH = YES;
				COPY_PHASE_STRIP = NO;
				GCC_C_LANGUAGE_STANDARD = gnu99;
				GCC_DYNAMIC_NO_PIC = NO;
				GCC_ENABLE_OBJC_EXCEPTIONS = YES;
				GCC_OPTIMIZATION_LEVEL = 0;
				GCC_PREPROCESSOR_DEFINITIONS = (
					"DEBUG=1",
					"$(inherited)",
				);
				GCC_SYMBOLS_PRIVATE_EXTERN = NO;
				GCC_WARN_64_TO_32_BIT_CONVERSION = YES;
				GCC_WARN_ABOUT_RETURN_TYPE = YES_ERROR;
				GCC_WARN_UNDECLARED_SELECTOR = YES;
				GCC_WARN_UNINITIALIZED_AUTOS = YES;
				GCC_WARN_UNUSED_FUNCTION = YES;
				GCC_WARN_UNUSED_VARIABLE = YES;
				MACOSX_DEPLOYMENT_TARGET = 11.5;
				ONLY_ACTIVE_ARCH = YES;
				SDKROOT = macosx;
				USER_HEADER_SEARCH_PATHS = "$(SRCROOT)/../../../include";
			};
			name = Debug;
		};
		2C82A76B18C3B52300DB9D37 /* Release */ = {
			isa = XCBuildConfiguration;
			buildSettings = {
				ALWAYS_SEARCH_USER_PATHS = NO;
				CLANG_CXX_LANGUAGE_STANDARD = "gnu++0x";
				CLANG_CXX_LIBRARY = "libc++";
				CLANG_ENABLE_OBJC_ARC = YES;
				CLANG_WARN_BOOL_CONVERSION = YES;
				CLANG_WARN_CONSTANT_CONVERSION = YES;
				CLANG_WARN_DIRECT_OBJC_ISA_USAGE = YES_ERROR;
				CLANG_WARN_EMPTY_BODY = YES;
				CLANG_WARN_ENUM_CONVERSION = YES;
				CLANG_WARN_INT_CONVERSION = YES;
				CLANG_WARN_OBJC_ROOT_CLASS = YES_ERROR;
				CLANG_WARN__DUPLICATE_METHOD_MATCH = YES;
				COPY_PHASE_STRIP = YES;
				DEBUG_INFORMATION_FORMAT = "dwarf-with-dsym";
				ENABLE_NS_ASSERTIONS = NO;
				GCC_C_LANGUAGE_STANDARD = gnu99;
				GCC_ENABLE_OBJC_EXCEPTIONS = YES;
				GCC_WARN_64_TO_32_BIT_CONVERSION = YES;
				GCC_WARN_ABOUT_RETURN_TYPE = YES_ERROR;
				GCC_WARN_UNDECLARED_SELECTOR = YES;
				GCC_WARN_UNINITIALIZED_AUTOS = YES;
				GCC_WARN_UNUSED_FUNCTION = YES;
				GCC_WARN_UNUSED_VARIABLE = YES;
				MACOSX_DEPLOYMENT_TARGET = 11.5;
				SDKROOT = macosx;
				USER_HEADER_SEARCH_PATHS = "$(SRCROOT)/../../../include";
			};
			name = Release;
		};
		2CB6A23A18CFF01B006A1ACC /* Debug */ = {
			isa = XCBuildConfiguration;
			buildSettings = {
				GCC_PREPROCESSOR_DEFINITIONS = (
					"DEBUG=1",
					"$(inherited)",
				);
				LIBRARY_SEARCH_PATHS = (
					"$(inherited)",
					"$(USER_LIBRARY_DIR)/Developer/Xcode/DerivedData/lib-nixtla-audio-gkdinsdugdtgbuduqhthvvfaspzu/Build/Products/Debug",
				);
				PRODUCT_NAME = "$(TARGET_NAME)";
			};
			name = Debug;
		};
		2CB6A23B18CFF01B006A1ACC /* Release */ = {
			isa = XCBuildConfiguration;
			buildSettings = {
				LIBRARY_SEARCH_PATHS = (
					"$(inherited)",
					"$(USER_LIBRARY_DIR)/Developer/Xcode/DerivedData/lib-nixtla-audio-gkdinsdugdtgbuduqhthvvfaspzu/Build/Products/Debug",
				);
				PRODUCT_NAME = "$(TARGET_NAME)";
			};
			name = Release;
		};
		2CB90A0D2E28195F009E9850 /* Debug */ = {
			isa = XCBuildConfiguration;
			buildSettings = {
				ASSETCATALOG_COMPILER_GENERATE_SWIFT_ASSET_SYMBOL_EXTENSIONS = YES;
				CLANG_ANALYZER_NONNULL = YES;
				CLANG_ANALYZER_NUMBER_OBJECT_CONVERSION = YES_AGGRESSIVE;
				CLANG_CXX_LANGUAGE_STANDARD = "gnu++20";
				CLANG_ENABLE_MODULES = YES;
				CLANG_ENABLE_OBJC_WEAK = YES;
				CLANG_WARN_BLOCK_CAPTURE_AUTORELEASING = YES;
				CLANG_WARN_COMMA = YES;
				CLANG_WARN_DEPRECATED_OBJC_IMPLEMENTATIONS = YES;
				CLANG_WARN_DOCUMENTATION_COMMENTS = YES;
				CLANG_WARN_INFINITE_RECURSION = YES;
				CLANG_WARN_NON_LITERAL_NULL_CONVERSION = YES;
				CLANG_WARN_OBJC_IMPLICIT_RETAIN_SELF = YES;
				CLANG_WARN_OBJC_LITERAL_CONVERSION = YES;
				CLANG_WARN_QUOTED_INCLUDE_IN_FRAMEWORK_HEADER = YES;
				CLANG_WARN_RANGE_LOOP_ANALYSIS = YES;
				CLANG_WARN_STRICT_PROTOTYPES = YES;
				CLANG_WARN_SUSPICIOUS_MOVE = YES;
				CLANG_WARN_UNGUARDED_AVAILABILITY = YES_AGGRESSIVE;
				CLANG_WARN_UNREACHABLE_CODE = YES;
				CODE_SIGN_STYLE = Automatic;
				DEBUG_INFORMATION_FORMAT = dwarf;
				ENABLE_STRICT_OBJC_MSGSEND = YES;
				ENABLE_TESTABILITY = YES;
				ENABLE_USER_SCRIPT_SANDBOXING = YES;
				GCC_C_LANGUAGE_STANDARD = gnu17;
				GCC_NO_COMMON_BLOCKS = YES;
				GCC_WARN_UNINITIALIZED_AUTOS = YES_AGGRESSIVE;
				LOCALIZATION_PREFERS_STRING_CATALOGS = YES;
				MACOSX_DEPLOYMENT_TARGET = 15.5;
				MTL_ENABLE_DEBUG_INFO = INCLUDE_SOURCE;
				MTL_FAST_MATH = YES;
				PRODUCT_NAME = "$(TARGET_NAME)";
			};
			name = Debug;
		};
		2CB90A0E2E28195F009E9850 /* Release */ = {
			isa = XCBuildConfiguration;
			buildSettings = {
				ASSETCATALOG_COMPILER_GENERATE_SWIFT_ASSET_SYMBOL_EXTENSIONS = YES;
				CLANG_ANALYZER_NONNULL = YES;
				CLANG_ANALYZER_NUMBER_OBJECT_CONVERSION = YES_AGGRESSIVE;
				CLANG_CXX_LANGUAGE_STANDARD = "gnu++20";
				CLANG_ENABLE_MODULES = YES;
				CLANG_ENABLE_OBJC_WEAK = YES;
				CLANG_WARN_BLOCK_CAPTURE_AUTORELEASING = YES;
				CLANG_WARN_COMMA = YES;
				CLANG_WARN_DEPRECATED_OBJC_IMPLEMENTATIONS = YES;
				CLANG_WARN_DOCUMENTATION_COMMENTS = YES;
				CLANG_WARN_INFINITE_RECURSION = YES;
				CLANG_WARN_NON_LITERAL_NULL_CONVERSION = YES;
				CLANG_WARN_OBJC_IMPLICIT_RETAIN_SELF = YES;
				CLANG_WARN_OBJC_LITERAL_CONVERSION = YES;
				CLANG_WARN_QUOTED_INCLUDE_IN_FRAMEWORK_HEADER = YES;
				CLANG_WARN_RANGE_LOOP_ANALYSIS = YES;
				CLANG_WARN_STRICT_PROTOTYPES = YES;
				CLANG_WARN_SUSPICIOUS_MOVE = YES;
				CLANG_WARN_UNGUARDED_AVAILABILITY = YES_AGGRESSIVE;
				CLANG_WARN_UNREACHABLE_CODE = YES;
				CODE_SIGN_STYLE = Automatic;
				COPY_PHASE_STRIP = NO;
				ENABLE_STRICT_OBJC_MSGSEND = YES;
				ENABLE_USER_SCRIPT_SANDBOXING = YES;
				GCC_C_LANGUAGE_STANDARD = gnu17;
				GCC_NO_COMMON_BLOCKS = YES;
				GCC_WARN_UNINITIALIZED_AUTOS = YES_AGGRESSIVE;
				LOCALIZATION_PREFERS_STRING_CATALOGS = YES;
				MACOSX_DEPLOYMENT_TARGET = 15.5;
				MTL_ENABLE_DEBUG_INFO = NO;
				MTL_FAST_MATH = YES;
				PRODUCT_NAME = "$(TARGET_NAME)";
			};
			name = Release;
		};
/* End XCBuildConfiguration section */

/* Begin XCConfigurationList section */
		2C4C74D918CE15BA00B67543 /* Build configuration list for PBXNativeTarget "demo-playwav-osx" */ = {
			isa = XCConfigurationList;
			buildConfigurations = (
				2C4C74DA18CE15BA00B67543 /* Debug */,
				2C4C74DB18CE15BA00B67543 /* Release */,
			);
			defaultConfigurationIsVisible = 0;
			defaultConfigurationName = Release;
		};
		2C4C74EA18CE199800B67543 /* Build configuration list for PBXNativeTarget "demo-captureeco-osx" */ = {
			isa = XCConfigurationList;
			buildConfigurations = (
				2C4C74EB18CE199800B67543 /* Debug */,
				2C4C74EC18CE199800B67543 /* Release */,
			);
			defaultConfigurationIsVisible = 0;
			defaultConfigurationName = Release;
		};
		2C4C752618CE1ABD00B67543 /* Build configuration list for PBXNativeTarget "demo-playwav-ios" */ = {
			isa = XCConfigurationList;
			buildConfigurations = (
				2C4C752718CE1ABD00B67543 /* Debug */,
				2C4C752818CE1ABD00B67543 /* Release */,
			);
			defaultConfigurationIsVisible = 0;
			defaultConfigurationName = Release;
		};
		2C4C755D18CE1AEA00B67543 /* Build configuration list for PBXNativeTarget "demo-captureeco-ios" */ = {
			isa = XCConfigurationList;
			buildConfigurations = (
				2C4C755E18CE1AEA00B67543 /* Debug */,
				2C4C755F18CE1AEA00B67543 /* Release */,
			);
			defaultConfigurationIsVisible = 0;
			defaultConfigurationName = Release;
		};
		2C606C052E20217900FB8AB8 /* Build configuration list for PBXNativeTarget "test-samples-conversion-osx" */ = {
			isa = XCConfigurationList;
			buildConfigurations = (
				2C606C062E20217900FB8AB8 /* Debug */,
				2C606C072E20217900FB8AB8 /* Release */,
			);
			defaultConfigurationIsVisible = 0;
			defaultConfigurationName = Release;
		};
		2C82A75E18C3B52300DB9D37 /* Build configuration list for PBXProject "lib-nixtla-audio-demos" */ = {
			isa = XCConfigurationList;
			buildConfigurations = (
				2C82A76A18C3B52300DB9D37 /* Debug */,
				2C82A76B18C3B52300DB9D37 /* Release */,
			);
			defaultConfigurationIsVisible = 0;
			defaultConfigurationName = Release;
		};
		2CB6A23918CFF01B006A1ACC /* Build configuration list for PBXNativeTarget "test-memleak-osx" */ = {
			isa = XCConfigurationList;
			buildConfigurations = (
				2CB6A23A18CFF01B006A1ACC /* Debug */,
				2CB6A23B18CFF01B006A1ACC /* Release */,
			);
			defaultConfigurationIsVisible = 0;
			defaultConfigurationName = Release;
		};
		2CB90A0C2E28195F009E9850 /* Build configuration list for PBXNativeTarget "demo-playstream-osx" */ = {
			isa = XCConfigurationList;
			buildConfigurations = (
				2CB90A0D2E28195F009E9850 /* Debug */,
				2CB90A0E2E28195F009E9850 /* Release */,
			);
			defaultConfigurationIsVisible = 0;
			defaultConfigurationName = Release;
		};
/* End XCConfigurationList section */
	};
	rootObject = 2C82A75B18C3B52300DB9D37 /* Project object */;
}
